// !$*UTF8*$!
{
	archiveVersion = 1;
	classes = {
	};
	objectVersion = 56;
	objects = {

/* Begin PBXBuildFile section */
		E477F80C2C63C443007CCF05 /* AppDelegate.swift in Sources */ = {isa = PBXBuildFile; fileRef = E477F80B2C63C443007CCF05 /* AppDelegate.swift */; };
		E477F80E2C63C443007CCF05 /* SceneDelegate.swift in Sources */ = {isa = PBXBuildFile; fileRef = E477F80D2C63C443007CCF05 /* SceneDelegate.swift */; };
		E477F8102C63C443007CCF05 /* ViewController.swift in Sources */ = {isa = PBXBuildFile; fileRef = E477F80F2C63C443007CCF05 /* ViewController.swift */; };
		E477F8152C63C445007CCF05 /* Assets.xcassets in Resources */ = {isa = PBXBuildFile; fileRef = E477F8142C63C445007CCF05 /* Assets.xcassets */; };
		E477F8182C63C445007CCF05 /* Base in Resources */ = {isa = PBXBuildFile; fileRef = E477F8172C63C445007CCF05 /* Base */; };
		E477F8B82C63C476007CCF05 /* Curves.swift in Sources */ = {isa = PBXBuildFile; fileRef = E477F81F2C63C476007CCF05 /* Curves.swift */; };
		E477F8B92C63C476007CCF05 /* Flow+MailComposer.swift in Sources */ = {isa = PBXBuildFile; fileRef = E477F8212C63C476007CCF05 /* Flow+MailComposer.swift */; };
		E477F8BA2C63C476007CCF05 /* AirtableObject.swift in Sources */ = {isa = PBXBuildFile; fileRef = E477F8232C63C476007CCF05 /* AirtableObject.swift */; };
		E477F8BB2C63C476007CCF05 /* ResponseParser.swift in Sources */ = {isa = PBXBuildFile; fileRef = E477F8242C63C476007CCF05 /* ResponseParser.swift */; };
		E477F8BC2C63C476007CCF05 /* CompositeRequestExecutor.swift in Sources */ = {isa = PBXBuildFile; fileRef = E477F8262C63C476007CCF05 /* CompositeRequestExecutor.swift */; };
		E477F8BD2C63C476007CCF05 /* DataTask.swift in Sources */ = {isa = PBXBuildFile; fileRef = E477F8272C63C476007CCF05 /* DataTask.swift */; };
		E477F8BE2C63C476007CCF05 /* ErrorClassifier.swift in Sources */ = {isa = PBXBuildFile; fileRef = E477F8282C63C476007CCF05 /* ErrorClassifier.swift */; };
		E477F8BF2C63C476007CCF05 /* HTTPRequestExecutor.swift in Sources */ = {isa = PBXBuildFile; fileRef = E477F8292C63C476007CCF05 /* HTTPRequestExecutor.swift */; };
		E477F8C02C63C476007CCF05 /* NestedDecoder.swift in Sources */ = {isa = PBXBuildFile; fileRef = E477F82A2C63C476007CCF05 /* NestedDecoder.swift */; };
		E477F8C12C63C476007CCF05 /* Request.swift in Sources */ = {isa = PBXBuildFile; fileRef = E477F82B2C63C476007CCF05 /* Request.swift */; };
		E477F8C22C63C476007CCF05 /* RequestExecuting.swift in Sources */ = {isa = PBXBuildFile; fileRef = E477F82C2C63C476007CCF05 /* RequestExecuting.swift */; };
		E477F8C32C63C476007CCF05 /* Result+States.swift in Sources */ = {isa = PBXBuildFile; fileRef = E477F82D2C63C476007CCF05 /* Result+States.swift */; };
		E477F8C42C63C476007CCF05 /* ObservablePreferences.swift in Sources */ = {isa = PBXBuildFile; fileRef = E477F82F2C63C476007CCF05 /* ObservablePreferences.swift */; };
		E477F8C52C63C476007CCF05 /* FlowPresentationRouter.swift in Sources */ = {isa = PBXBuildFile; fileRef = E477F8312C63C476007CCF05 /* FlowPresentationRouter.swift */; };
		E477F8C62C63C476007CCF05 /* Module+Access.swift in Sources */ = {isa = PBXBuildFile; fileRef = E477F8332C63C476007CCF05 /* Module+Access.swift */; };
		E477F8C72C63C476007CCF05 /* Service.swift in Sources */ = {isa = PBXBuildFile; fileRef = E477F8342C63C476007CCF05 /* Service.swift */; };
		E477F8C82C63C476007CCF05 /* ServiceProviding.swift in Sources */ = {isa = PBXBuildFile; fileRef = E477F8352C63C476007CCF05 /* ServiceProviding.swift */; };
		E477F8C92C63C476007CCF05 /* ApplicationError.swift in Sources */ = {isa = PBXBuildFile; fileRef = E477F8372C63C476007CCF05 /* ApplicationError.swift */; };
		E477F8CA2C63C476007CCF05 /* Flow.swift in Sources */ = {isa = PBXBuildFile; fileRef = E477F8382C63C476007CCF05 /* Flow.swift */; };
		E477F8CB2C63C476007CCF05 /* Model.swift in Sources */ = {isa = PBXBuildFile; fileRef = E477F8392C63C476007CCF05 /* Model.swift */; };
		E477F8CC2C63C476007CCF05 /* Model+Lookup.swift in Sources */ = {isa = PBXBuildFile; fileRef = E477F83A2C63C476007CCF05 /* Model+Lookup.swift */; };
		E477F8CD2C63C476007CCF05 /* Model+RepresentationBinding.swift in Sources */ = {isa = PBXBuildFile; fileRef = E477F83B2C63C476007CCF05 /* Model+RepresentationBinding.swift */; };
		E477F8CE2C63C476007CCF05 /* Model+StructureDisplay.swift in Sources */ = {isa = PBXBuildFile; fileRef = E477F83C2C63C476007CCF05 /* Model+StructureDisplay.swift */; };
		E477F8CF2C63C476007CCF05 /* Preferences.swift in Sources */ = {isa = PBXBuildFile; fileRef = E477F83D2C63C476007CCF05 /* Preferences.swift */; };
		E477F8D02C63C476007CCF05 /* ServiceLocator.swift in Sources */ = {isa = PBXBuildFile; fileRef = E477F83E2C63C476007CCF05 /* ServiceLocator.swift */; };
		E477F8D12C63C476007CCF05 /* Array+Duplicates.swift in Sources */ = {isa = PBXBuildFile; fileRef = E477F8402C63C476007CCF05 /* Array+Duplicates.swift */; };
		E477F8D22C63C476007CCF05 /* Array+Pairs.swift in Sources */ = {isa = PBXBuildFile; fileRef = E477F8412C63C476007CCF05 /* Array+Pairs.swift */; };
		E477F8D32C63C476007CCF05 /* Array+Repeat.swift in Sources */ = {isa = PBXBuildFile; fileRef = E477F8422C63C476007CCF05 /* Array+Repeat.swift */; };
		E477F8D42C63C476007CCF05 /* Array+Revolving.swift in Sources */ = {isa = PBXBuildFile; fileRef = E477F8432C63C476007CCF05 /* Array+Revolving.swift */; };
		E477F8D52C63C476007CCF05 /* Array+SafeAccess.swift in Sources */ = {isa = PBXBuildFile; fileRef = E477F8442C63C476007CCF05 /* Array+SafeAccess.swift */; };
		E477F8D62C63C476007CCF05 /* Array+Split.swift in Sources */ = {isa = PBXBuildFile; fileRef = E477F8452C63C476007CCF05 /* Array+Split.swift */; };
		E477F8D72C63C476007CCF05 /* String+Format.swift in Sources */ = {isa = PBXBuildFile; fileRef = E477F8462C63C476007CCF05 /* String+Format.swift */; };
		E477F8D82C63C476007CCF05 /* String+Localization.swift in Sources */ = {isa = PBXBuildFile; fileRef = E477F8472C63C476007CCF05 /* String+Localization.swift */; };
		E477F8D92C63C476007CCF05 /* ButtonStyles.swift in Sources */ = {isa = PBXBuildFile; fileRef = E477F8492C63C476007CCF05 /* ButtonStyles.swift */; };
		E477F8DA2C63C476007CCF05 /* CardViewStyle.swift in Sources */ = {isa = PBXBuildFile; fileRef = E477F84A2C63C476007CCF05 /* CardViewStyle.swift */; };
		E477F8DB2C63C476007CCF05 /* ViewStylePrimitives.swift in Sources */ = {isa = PBXBuildFile; fileRef = E477F84B2C63C476007CCF05 /* ViewStylePrimitives.swift */; };
		E477F8DC2C63C476007CCF05 /* ViewStyling.swift in Sources */ = {isa = PBXBuildFile; fileRef = E477F84C2C63C476007CCF05 /* ViewStyling.swift */; };
		E477F8DD2C63C476007CCF05 /* CallBuffer.swift in Sources */ = {isa = PBXBuildFile; fileRef = E477F84E2C63C476007CCF05 /* CallBuffer.swift */; };
		E477F8DE2C63C476007CCF05 /* Functional.swift in Sources */ = {isa = PBXBuildFile; fileRef = E477F84F2C63C476007CCF05 /* Functional.swift */; };
		E477F8DF2C63C476007CCF05 /* ManagedProperty.swift in Sources */ = {isa = PBXBuildFile; fileRef = E477F8502C63C476007CCF05 /* ManagedProperty.swift */; };
		E477F8E02C63C476007CCF05 /* Mutate.swift in Sources */ = {isa = PBXBuildFile; fileRef = E477F8512C63C476007CCF05 /* Mutate.swift */; };
		E477F8E12C63C476007CCF05 /* ProcessCounter.swift in Sources */ = {isa = PBXBuildFile; fileRef = E477F8522C63C476007CCF05 /* ProcessCounter.swift */; };
		E477F8E22C63C476007CCF05 /* Stack.swift in Sources */ = {isa = PBXBuildFile; fileRef = E477F8532C63C476007CCF05 /* Stack.swift */; };
		E477F8E32C63C476007CCF05 /* Then.swift in Sources */ = {isa = PBXBuildFile; fileRef = E477F8542C63C476007CCF05 /* Then.swift */; };
		E477F8E42C63C476007CCF05 /* CollectionViewBehavior.swift in Sources */ = {isa = PBXBuildFile; fileRef = E477F8562C63C476007CCF05 /* CollectionViewBehavior.swift */; };
		E477F8E52C63C476007CCF05 /* FreeDecorationBehavior.swift in Sources */ = {isa = PBXBuildFile; fileRef = E477F8572C63C476007CCF05 /* FreeDecorationBehavior.swift */; };
		E477F8E62C63C476007CCF05 /* KeyboardHandlingBehavior.swift in Sources */ = {isa = PBXBuildFile; fileRef = E477F8582C63C476007CCF05 /* KeyboardHandlingBehavior.swift */; };
		E477F8E72C63C476007CCF05 /* BigButtonCell.swift in Sources */ = {isa = PBXBuildFile; fileRef = E477F85A2C63C476007CCF05 /* BigButtonCell.swift */; };
		E477F8E82C63C476007CCF05 /* LongTextInputCell.swift in Sources */ = {isa = PBXBuildFile; fileRef = E477F85B2C63C476007CCF05 /* LongTextInputCell.swift */; };
		E477F8E92C63C476007CCF05 /* ShortTextInputFieldCell.swift in Sources */ = {isa = PBXBuildFile; fileRef = E477F85C2C63C476007CCF05 /* ShortTextInputFieldCell.swift */; };
		E477F8EA2C63C476007CCF05 /* ActionField.swift in Sources */ = {isa = PBXBuildFile; fileRef = E477F85E2C63C476007CCF05 /* ActionField.swift */; };
		E477F8EB2C63C476007CCF05 /* BigActionField.swift in Sources */ = {isa = PBXBuildFile; fileRef = E477F85F2C63C476007CCF05 /* BigActionField.swift */; };
		E477F8EC2C63C476007CCF05 /* BinaryChoiceField.swift in Sources */ = {isa = PBXBuildFile; fileRef = E477F8602C63C476007CCF05 /* BinaryChoiceField.swift */; };
		E477F8ED2C63C476007CCF05 /* FootnoteField.swift in Sources */ = {isa = PBXBuildFile; fileRef = E477F8612C63C476007CCF05 /* FootnoteField.swift */; };
		E477F8EE2C63C476007CCF05 /* LongTextInputField.swift in Sources */ = {isa = PBXBuildFile; fileRef = E477F8622C63C476007CCF05 /* LongTextInputField.swift */; };
		E477F8EF2C63C476007CCF05 /* OptionPickerField.swift in Sources */ = {isa = PBXBuildFile; fileRef = E477F8632C63C476007CCF05 /* OptionPickerField.swift */; };
		E477F8F02C63C476007CCF05 /* ShortTextInputField.swift in Sources */ = {isa = PBXBuildFile; fileRef = E477F8642C63C476007CCF05 /* ShortTextInputField.swift */; };
		E477F8F12C63C476007CCF05 /* HeightCalculating.swift in Sources */ = {isa = PBXBuildFile; fileRef = E477F8662C63C476007CCF05 /* HeightCalculating.swift */; };
		E477F8F22C63C476007CCF05 /* InputFieldDisplaying.swift in Sources */ = {isa = PBXBuildFile; fileRef = E477F8672C63C476007CCF05 /* InputFieldDisplaying.swift */; };
		E477F8F32C63C476007CCF05 /* ValidationErrorView.swift in Sources */ = {isa = PBXBuildFile; fileRef = E477F8692C63C476007CCF05 /* ValidationErrorView.swift */; };
		E477F8F42C63C476007CCF05 /* CellSpacingController.swift in Sources */ = {isa = PBXBuildFile; fileRef = E477F86B2C63C476007CCF05 /* CellSpacingController.swift */; };
		E477F8F52C63C476007CCF05 /* InputAccessoryView.swift in Sources */ = {isa = PBXBuildFile; fileRef = E477F86C2C63C476007CCF05 /* InputAccessoryView.swift */; };
		E477F8F62C63C476007CCF05 /* InputField.swift in Sources */ = {isa = PBXBuildFile; fileRef = E477F86D2C63C476007CCF05 /* InputField.swift */; };
		E477F8F72C63C476007CCF05 /* InputForm.swift in Sources */ = {isa = PBXBuildFile; fileRef = E477F86E2C63C476007CCF05 /* InputForm.swift */; };
		E477F8F82C63C476007CCF05 /* InputFormCollectionAdapter.swift in Sources */ = {isa = PBXBuildFile; fileRef = E477F86F2C63C476007CCF05 /* InputFormCollectionAdapter.swift */; };
		E477F8F92C63C476007CCF05 /* InputFormLayout.swift in Sources */ = {isa = PBXBuildFile; fileRef = E477F8702C63C476007CCF05 /* InputFormLayout.swift */; };
		E477F8FA2C63C476007CCF05 /* InputFormViewController.swift in Sources */ = {isa = PBXBuildFile; fileRef = E477F8712C63C476007CCF05 /* InputFormViewController.swift */; };
		E477F8FB2C63C476007CCF05 /* InstallInfo.swift in Sources */ = {isa = PBXBuildFile; fileRef = E477F8732C63C476007CCF05 /* InstallInfo.swift */; };
		E477F8FC2C63C476007CCF05 /* KeyboardListener.swift in Sources */ = {isa = PBXBuildFile; fileRef = E477F8752C63C476007CCF05 /* KeyboardListener.swift */; };
		E477F8FD2C63C476007CCF05 /* Randomness.swift in Sources */ = {isa = PBXBuildFile; fileRef = E477F8772C63C476007CCF05 /* Randomness.swift */; };
		E477F8FE2C63C476007CCF05 /* NSObject+DeinitSignal.swift in Sources */ = {isa = PBXBuildFile; fileRef = E477F8792C63C476007CCF05 /* NSObject+DeinitSignal.swift */; };
		E477F8FF2C63C476007CCF05 /* Signals.swift in Sources */ = {isa = PBXBuildFile; fileRef = E477F87A2C63C476007CCF05 /* Signals.swift */; };
		E477F9002C63C476007CCF05 /* TypewriterEffect.swift in Sources */ = {isa = PBXBuildFile; fileRef = E477F87C2C63C476007CCF05 /* TypewriterEffect.swift */; };
		E477F9012C63C476007CCF05 /* Bundle+AppInfo.swift in Sources */ = {isa = PBXBuildFile; fileRef = E477F87E2C63C476007CCF05 /* Bundle+AppInfo.swift */; };
		E477F9022C63C476007CCF05 /* UICollectionView+Dequeuing.swift in Sources */ = {isa = PBXBuildFile; fileRef = E477F8802C63C476007CCF05 /* UICollectionView+Dequeuing.swift */; };
		E477F9032C63C476007CCF05 /* UITableView+Dequeuing.swift in Sources */ = {isa = PBXBuildFile; fileRef = E477F8822C63C476007CCF05 /* UITableView+Dequeuing.swift */; };
		E477F9042C63C476007CCF05 /* AnimationTask.swift in Sources */ = {isa = PBXBuildFile; fileRef = E477F8842C63C476007CCF05 /* AnimationTask.swift */; };
		E477F9052C63C476007CCF05 /* Array+ViewStack.swift in Sources */ = {isa = PBXBuildFile; fileRef = E477F8852C63C476007CCF05 /* Array+ViewStack.swift */; };
		E477F9062C63C476007CCF05 /* AutoHeightTextView.swift in Sources */ = {isa = PBXBuildFile; fileRef = E477F8862C63C476007CCF05 /* AutoHeightTextView.swift */; };
		E477F9072C63C476007CCF05 /* CACornerMask+Corners.swift in Sources */ = {isa = PBXBuildFile; fileRef = E477F8872C63C476007CCF05 /* CACornerMask+Corners.swift */; };
		E477F9082C63C476007CCF05 /* CGRect+Operations.swift in Sources */ = {isa = PBXBuildFile; fileRef = E477F8882C63C476007CCF05 /* CGRect+Operations.swift */; };
		E477F9092C63C476007CCF05 /* CustomViewButton.swift in Sources */ = {isa = PBXBuildFile; fileRef = E477F8892C63C476007CCF05 /* CustomViewButton.swift */; };
		E477F90A2C63C476007CCF05 /* HeightCalculation.swift in Sources */ = {isa = PBXBuildFile; fileRef = E477F88A2C63C476007CCF05 /* HeightCalculation.swift */; };
		E477F90B2C63C476007CCF05 /* Publisher+WithPrevious.swift in Sources */ = {isa = PBXBuildFile; fileRef = E477F88B2C63C476007CCF05 /* Publisher+WithPrevious.swift */; };
		E477F90C2C63C476007CCF05 /* Reusable.swift in Sources */ = {isa = PBXBuildFile; fileRef = E477F88C2C63C476007CCF05 /* Reusable.swift */; };
		E477F90D2C63C476007CCF05 /* Tween.swift in Sources */ = {isa = PBXBuildFile; fileRef = E477F88D2C63C476007CCF05 /* Tween.swift */; };
		E477F90E2C63C476007CCF05 /* UIAlertAction+AddToController.swift in Sources */ = {isa = PBXBuildFile; fileRef = E477F88E2C63C476007CCF05 /* UIAlertAction+AddToController.swift */; };
		E477F90F2C63C476007CCF05 /* UIAlertAction+Default.swift in Sources */ = {isa = PBXBuildFile; fileRef = E477F88F2C63C476007CCF05 /* UIAlertAction+Default.swift */; };
		E477F9102C63C476007CCF05 /* UICollectionView+FlowLayout.swift in Sources */ = {isa = PBXBuildFile; fileRef = E477F8902C63C476007CCF05 /* UICollectionView+FlowLayout.swift */; };
		E477F9112C63C476007CCF05 /* UIColor+Hex.swift in Sources */ = {isa = PBXBuildFile; fileRef = E477F8912C63C476007CCF05 /* UIColor+Hex.swift */; };
		E477F9122C63C476007CCF05 /* UIColor+RGB.swift in Sources */ = {isa = PBXBuildFile; fileRef = E477F8922C63C476007CCF05 /* UIColor+RGB.swift */; };
		E477F9132C63C476007CCF05 /* UIControl+Blocks.swift in Sources */ = {isa = PBXBuildFile; fileRef = E477F8932C63C476007CCF05 /* UIControl+Blocks.swift */; };
		E477F9142C63C476007CCF05 /* UIDevice+Haptic.swift in Sources */ = {isa = PBXBuildFile; fileRef = E477F8942C63C476007CCF05 /* UIDevice+Haptic.swift */; };
		E477F9152C63C476007CCF05 /* UIDevice+Insets.swift in Sources */ = {isa = PBXBuildFile; fileRef = E477F8952C63C476007CCF05 /* UIDevice+Insets.swift */; };
		E477F9162C63C476007CCF05 /* UIImage+Orientation.swift in Sources */ = {isa = PBXBuildFile; fileRef = E477F8962C63C476007CCF05 /* UIImage+Orientation.swift */; };
		E477F9172C63C476007CCF05 /* UINavigationBar+Transparency.swift in Sources */ = {isa = PBXBuildFile; fileRef = E477F8972C63C476007CCF05 /* UINavigationBar+Transparency.swift */; };
		E477F9182C63C476007CCF05 /* UIStackView+Spacer.swift in Sources */ = {isa = PBXBuildFile; fileRef = E477F8982C63C476007CCF05 /* UIStackView+Spacer.swift */; };
		E477F9192C63C476007CCF05 /* UIStackView+Spacing.swift in Sources */ = {isa = PBXBuildFile; fileRef = E477F8992C63C476007CCF05 /* UIStackView+Spacing.swift */; };
		E477F91A2C63C476007CCF05 /* UIView+Blur.swift in Sources */ = {isa = PBXBuildFile; fileRef = E477F89A2C63C476007CCF05 /* UIView+Blur.swift */; };
		E477F91B2C63C476007CCF05 /* UIView+parentViewController.swift in Sources */ = {isa = PBXBuildFile; fileRef = E477F89B2C63C476007CCF05 /* UIView+parentViewController.swift */; };
		E477F91C2C63C476007CCF05 /* UIView+Snapping.swift in Sources */ = {isa = PBXBuildFile; fileRef = E477F89C2C63C476007CCF05 /* UIView+Snapping.swift */; };
		E477F91D2C63C476007CCF05 /* UIView+Snapshot.swift in Sources */ = {isa = PBXBuildFile; fileRef = E477F89D2C63C476007CCF05 /* UIView+Snapshot.swift */; };
		E477F91E2C63C476007CCF05 /* UIView+Transition.swift in Sources */ = {isa = PBXBuildFile; fileRef = E477F89E2C63C476007CCF05 /* UIView+Transition.swift */; };
		E477F91F2C63C476007CCF05 /* UIViewController+ComingSoon.swift in Sources */ = {isa = PBXBuildFile; fileRef = E477F89F2C63C476007CCF05 /* UIViewController+ComingSoon.swift */; };
		E477F9202C63C476007CCF05 /* UIViewController+Toasts.swift in Sources */ = {isa = PBXBuildFile; fileRef = E477F8A02C63C476007CCF05 /* UIViewController+Toasts.swift */; };
		E477F9212C63C476007CCF05 /* UIViewController+Transition.swift in Sources */ = {isa = PBXBuildFile; fileRef = E477F8A12C63C476007CCF05 /* UIViewController+Transition.swift */; };
		E477F9222C63C476007CCF05 /* ViewAboveKeyboardAdjuster.swift in Sources */ = {isa = PBXBuildFile; fileRef = E477F8A22C63C476007CCF05 /* ViewAboveKeyboardAdjuster.swift */; };
		E477F9232C63C476007CCF05 /* UIView+Change.swift in Sources */ = {isa = PBXBuildFile; fileRef = E477F8A42C63C476007CCF05 /* UIView+Change.swift */; };
		E477F9242C63C476007CCF05 /* Validator.swift in Sources */ = {isa = PBXBuildFile; fileRef = E477F8A62C63C476007CCF05 /* Validator.swift */; };
		E477F9252C63C476007CCF05 /* SplashTouchEffect.swift in Sources */ = {isa = PBXBuildFile; fileRef = E477F8A82C63C476007CCF05 /* SplashTouchEffect.swift */; };
		E477F9262C63C476007CCF05 /* TouchDecoratorView.swift in Sources */ = {isa = PBXBuildFile; fileRef = E477F8A92C63C476007CCF05 /* TouchDecoratorView.swift */; };
		E477F9272C63C476007CCF05 /* TouchEffect.swift in Sources */ = {isa = PBXBuildFile; fileRef = E477F8AA2C63C476007CCF05 /* TouchEffect.swift */; };
		E477F9282C63C476007CCF05 /* UIControl+TouchDecorator.swift in Sources */ = {isa = PBXBuildFile; fileRef = E477F8AB2C63C476007CCF05 /* UIControl+TouchDecorator.swift */; };
		E477F9292C63C476007CCF05 /* WaveTouchEffect.swift in Sources */ = {isa = PBXBuildFile; fileRef = E477F8AC2C63C476007CCF05 /* WaveTouchEffect.swift */; };
		E477F92A2C63C476007CCF05 /* ButtonWithIcon.swift in Sources */ = {isa = PBXBuildFile; fileRef = E477F8AE2C63C476007CCF05 /* ButtonWithIcon.swift */; };
		E477F92B2C63C476007CCF05 /* GradientView.swift in Sources */ = {isa = PBXBuildFile; fileRef = E477F8AF2C63C476007CCF05 /* GradientView.swift */; };
		E477F92C2C63C476007CCF05 /* NavigationButton.swift in Sources */ = {isa = PBXBuildFile; fileRef = E477F8B02C63C476007CCF05 /* NavigationButton.swift */; };
		E477F92D2C63C476007CCF05 /* PlaceholderTextView.swift in Sources */ = {isa = PBXBuildFile; fileRef = E477F8B12C63C476007CCF05 /* PlaceholderTextView.swift */; };
		E477F92E2C63C476007CCF05 /* ScrollingStackView.swift in Sources */ = {isa = PBXBuildFile; fileRef = E477F8B22C63C476007CCF05 /* ScrollingStackView.swift */; };
		E477F92F2C63C476007CCF05 /* ZeroInsetTextView.swift in Sources */ = {isa = PBXBuildFile; fileRef = E477F8B32C63C476007CCF05 /* ZeroInsetTextView.swift */; };
		E477F9302C63C476007CCF05 /* PredicateSet.swift in Sources */ = {isa = PBXBuildFile; fileRef = E477F8B52C63C476007CCF05 /* PredicateSet.swift */; };
		E477F9312C63C476007CCF05 /* Reachability.swift in Sources */ = {isa = PBXBuildFile; fileRef = E477F8B62C63C476007CCF05 /* Reachability.swift */; };
/* End PBXBuildFile section */

/* Begin PBXFileReference section */
		E477F8082C63C443007CCF05 /* TZ-Wild Wild.app */ = {isa = PBXFileReference; explicitFileType = wrapper.application; includeInIndex = 0; path = "TZ-Wild Wild.app"; sourceTree = BUILT_PRODUCTS_DIR; };
		E477F80B2C63C443007CCF05 /* AppDelegate.swift */ = {isa = PBXFileReference; lastKnownFileType = sourcecode.swift; path = AppDelegate.swift; sourceTree = "<group>"; };
		E477F80D2C63C443007CCF05 /* SceneDelegate.swift */ = {isa = PBXFileReference; lastKnownFileType = sourcecode.swift; path = SceneDelegate.swift; sourceTree = "<group>"; };
		E477F80F2C63C443007CCF05 /* ViewController.swift */ = {isa = PBXFileReference; lastKnownFileType = sourcecode.swift; path = ViewController.swift; sourceTree = "<group>"; };
		E477F8142C63C445007CCF05 /* Assets.xcassets */ = {isa = PBXFileReference; lastKnownFileType = folder.assetcatalog; path = Assets.xcassets; sourceTree = "<group>"; };
		E477F8172C63C445007CCF05 /* Base */ = {isa = PBXFileReference; lastKnownFileType = file.storyboard; name = Base; path = Base.lproj/LaunchScreen.storyboard; sourceTree = "<group>"; };
		E477F8192C63C445007CCF05 /* Info.plist */ = {isa = PBXFileReference; lastKnownFileType = text.plist.xml; path = Info.plist; sourceTree = "<group>"; };
		E477F81F2C63C476007CCF05 /* Curves.swift */ = {isa = PBXFileReference; fileEncoding = 4; lastKnownFileType = sourcecode.swift; path = Curves.swift; sourceTree = "<group>"; };
		E477F8212C63C476007CCF05 /* Flow+MailComposer.swift */ = {isa = PBXFileReference; fileEncoding = 4; lastKnownFileType = sourcecode.swift; path = "Flow+MailComposer.swift"; sourceTree = "<group>"; };
		E477F8232C63C476007CCF05 /* AirtableObject.swift */ = {isa = PBXFileReference; fileEncoding = 4; lastKnownFileType = sourcecode.swift; path = AirtableObject.swift; sourceTree = "<group>"; };
		E477F8242C63C476007CCF05 /* ResponseParser.swift */ = {isa = PBXFileReference; fileEncoding = 4; lastKnownFileType = sourcecode.swift; path = ResponseParser.swift; sourceTree = "<group>"; };
		E477F8262C63C476007CCF05 /* CompositeRequestExecutor.swift */ = {isa = PBXFileReference; fileEncoding = 4; lastKnownFileType = sourcecode.swift; path = CompositeRequestExecutor.swift; sourceTree = "<group>"; };
		E477F8272C63C476007CCF05 /* DataTask.swift */ = {isa = PBXFileReference; fileEncoding = 4; lastKnownFileType = sourcecode.swift; path = DataTask.swift; sourceTree = "<group>"; };
		E477F8282C63C476007CCF05 /* ErrorClassifier.swift */ = {isa = PBXFileReference; fileEncoding = 4; lastKnownFileType = sourcecode.swift; path = ErrorClassifier.swift; sourceTree = "<group>"; };
		E477F8292C63C476007CCF05 /* HTTPRequestExecutor.swift */ = {isa = PBXFileReference; fileEncoding = 4; lastKnownFileType = sourcecode.swift; path = HTTPRequestExecutor.swift; sourceTree = "<group>"; };
		E477F82A2C63C476007CCF05 /* NestedDecoder.swift */ = {isa = PBXFileReference; fileEncoding = 4; lastKnownFileType = sourcecode.swift; path = NestedDecoder.swift; sourceTree = "<group>"; };
		E477F82B2C63C476007CCF05 /* Request.swift */ = {isa = PBXFileReference; fileEncoding = 4; lastKnownFileType = sourcecode.swift; path = Request.swift; sourceTree = "<group>"; };
		E477F82C2C63C476007CCF05 /* RequestExecuting.swift */ = {isa = PBXFileReference; fileEncoding = 4; lastKnownFileType = sourcecode.swift; path = RequestExecuting.swift; sourceTree = "<group>"; };
		E477F82D2C63C476007CCF05 /* Result+States.swift */ = {isa = PBXFileReference; fileEncoding = 4; lastKnownFileType = sourcecode.swift; path = "Result+States.swift"; sourceTree = "<group>"; };
		E477F82F2C63C476007CCF05 /* ObservablePreferences.swift */ = {isa = PBXFileReference; fileEncoding = 4; lastKnownFileType = sourcecode.swift; path = ObservablePreferences.swift; sourceTree = "<group>"; };
		E477F8312C63C476007CCF05 /* FlowPresentationRouter.swift */ = {isa = PBXFileReference; fileEncoding = 4; lastKnownFileType = sourcecode.swift; path = FlowPresentationRouter.swift; sourceTree = "<group>"; };
		E477F8332C63C476007CCF05 /* Module+Access.swift */ = {isa = PBXFileReference; fileEncoding = 4; lastKnownFileType = sourcecode.swift; path = "Module+Access.swift"; sourceTree = "<group>"; };
		E477F8342C63C476007CCF05 /* Service.swift */ = {isa = PBXFileReference; fileEncoding = 4; lastKnownFileType = sourcecode.swift; path = Service.swift; sourceTree = "<group>"; };
		E477F8352C63C476007CCF05 /* ServiceProviding.swift */ = {isa = PBXFileReference; fileEncoding = 4; lastKnownFileType = sourcecode.swift; path = ServiceProviding.swift; sourceTree = "<group>"; };
		E477F8372C63C476007CCF05 /* ApplicationError.swift */ = {isa = PBXFileReference; fileEncoding = 4; lastKnownFileType = sourcecode.swift; path = ApplicationError.swift; sourceTree = "<group>"; };
		E477F8382C63C476007CCF05 /* Flow.swift */ = {isa = PBXFileReference; fileEncoding = 4; lastKnownFileType = sourcecode.swift; path = Flow.swift; sourceTree = "<group>"; };
		E477F8392C63C476007CCF05 /* Model.swift */ = {isa = PBXFileReference; fileEncoding = 4; lastKnownFileType = sourcecode.swift; path = Model.swift; sourceTree = "<group>"; };
		E477F83A2C63C476007CCF05 /* Model+Lookup.swift */ = {isa = PBXFileReference; fileEncoding = 4; lastKnownFileType = sourcecode.swift; path = "Model+Lookup.swift"; sourceTree = "<group>"; };
		E477F83B2C63C476007CCF05 /* Model+RepresentationBinding.swift */ = {isa = PBXFileReference; fileEncoding = 4; lastKnownFileType = sourcecode.swift; path = "Model+RepresentationBinding.swift"; sourceTree = "<group>"; };
		E477F83C2C63C476007CCF05 /* Model+StructureDisplay.swift */ = {isa = PBXFileReference; fileEncoding = 4; lastKnownFileType = sourcecode.swift; path = "Model+StructureDisplay.swift"; sourceTree = "<group>"; };
		E477F83D2C63C476007CCF05 /* Preferences.swift */ = {isa = PBXFileReference; fileEncoding = 4; lastKnownFileType = sourcecode.swift; path = Preferences.swift; sourceTree = "<group>"; };
		E477F83E2C63C476007CCF05 /* ServiceLocator.swift */ = {isa = PBXFileReference; fileEncoding = 4; lastKnownFileType = sourcecode.swift; path = ServiceLocator.swift; sourceTree = "<group>"; };
		E477F8402C63C476007CCF05 /* Array+Duplicates.swift */ = {isa = PBXFileReference; fileEncoding = 4; lastKnownFileType = sourcecode.swift; path = "Array+Duplicates.swift"; sourceTree = "<group>"; };
		E477F8412C63C476007CCF05 /* Array+Pairs.swift */ = {isa = PBXFileReference; fileEncoding = 4; lastKnownFileType = sourcecode.swift; path = "Array+Pairs.swift"; sourceTree = "<group>"; };
		E477F8422C63C476007CCF05 /* Array+Repeat.swift */ = {isa = PBXFileReference; fileEncoding = 4; lastKnownFileType = sourcecode.swift; path = "Array+Repeat.swift"; sourceTree = "<group>"; };
		E477F8432C63C476007CCF05 /* Array+Revolving.swift */ = {isa = PBXFileReference; fileEncoding = 4; lastKnownFileType = sourcecode.swift; path = "Array+Revolving.swift"; sourceTree = "<group>"; };
		E477F8442C63C476007CCF05 /* Array+SafeAccess.swift */ = {isa = PBXFileReference; fileEncoding = 4; lastKnownFileType = sourcecode.swift; path = "Array+SafeAccess.swift"; sourceTree = "<group>"; };
		E477F8452C63C476007CCF05 /* Array+Split.swift */ = {isa = PBXFileReference; fileEncoding = 4; lastKnownFileType = sourcecode.swift; path = "Array+Split.swift"; sourceTree = "<group>"; };
		E477F8462C63C476007CCF05 /* String+Format.swift */ = {isa = PBXFileReference; fileEncoding = 4; lastKnownFileType = sourcecode.swift; path = "String+Format.swift"; sourceTree = "<group>"; };
		E477F8472C63C476007CCF05 /* String+Localization.swift */ = {isa = PBXFileReference; fileEncoding = 4; lastKnownFileType = sourcecode.swift; path = "String+Localization.swift"; sourceTree = "<group>"; };
		E477F8492C63C476007CCF05 /* ButtonStyles.swift */ = {isa = PBXFileReference; fileEncoding = 4; lastKnownFileType = sourcecode.swift; path = ButtonStyles.swift; sourceTree = "<group>"; };
		E477F84A2C63C476007CCF05 /* CardViewStyle.swift */ = {isa = PBXFileReference; fileEncoding = 4; lastKnownFileType = sourcecode.swift; path = CardViewStyle.swift; sourceTree = "<group>"; };
		E477F84B2C63C476007CCF05 /* ViewStylePrimitives.swift */ = {isa = PBXFileReference; fileEncoding = 4; lastKnownFileType = sourcecode.swift; path = ViewStylePrimitives.swift; sourceTree = "<group>"; };
		E477F84C2C63C476007CCF05 /* ViewStyling.swift */ = {isa = PBXFileReference; fileEncoding = 4; lastKnownFileType = sourcecode.swift; path = ViewStyling.swift; sourceTree = "<group>"; };
		E477F84E2C63C476007CCF05 /* CallBuffer.swift */ = {isa = PBXFileReference; fileEncoding = 4; lastKnownFileType = sourcecode.swift; path = CallBuffer.swift; sourceTree = "<group>"; };
		E477F84F2C63C476007CCF05 /* Functional.swift */ = {isa = PBXFileReference; fileEncoding = 4; lastKnownFileType = sourcecode.swift; path = Functional.swift; sourceTree = "<group>"; };
		E477F8502C63C476007CCF05 /* ManagedProperty.swift */ = {isa = PBXFileReference; fileEncoding = 4; lastKnownFileType = sourcecode.swift; path = ManagedProperty.swift; sourceTree = "<group>"; };
		E477F8512C63C476007CCF05 /* Mutate.swift */ = {isa = PBXFileReference; fileEncoding = 4; lastKnownFileType = sourcecode.swift; path = Mutate.swift; sourceTree = "<group>"; };
		E477F8522C63C476007CCF05 /* ProcessCounter.swift */ = {isa = PBXFileReference; fileEncoding = 4; lastKnownFileType = sourcecode.swift; path = ProcessCounter.swift; sourceTree = "<group>"; };
		E477F8532C63C476007CCF05 /* Stack.swift */ = {isa = PBXFileReference; fileEncoding = 4; lastKnownFileType = sourcecode.swift; path = Stack.swift; sourceTree = "<group>"; };
		E477F8542C63C476007CCF05 /* Then.swift */ = {isa = PBXFileReference; fileEncoding = 4; lastKnownFileType = sourcecode.swift; path = Then.swift; sourceTree = "<group>"; };
		E477F8562C63C476007CCF05 /* CollectionViewBehavior.swift */ = {isa = PBXFileReference; fileEncoding = 4; lastKnownFileType = sourcecode.swift; path = CollectionViewBehavior.swift; sourceTree = "<group>"; };
		E477F8572C63C476007CCF05 /* FreeDecorationBehavior.swift */ = {isa = PBXFileReference; fileEncoding = 4; lastKnownFileType = sourcecode.swift; path = FreeDecorationBehavior.swift; sourceTree = "<group>"; };
		E477F8582C63C476007CCF05 /* KeyboardHandlingBehavior.swift */ = {isa = PBXFileReference; fileEncoding = 4; lastKnownFileType = sourcecode.swift; path = KeyboardHandlingBehavior.swift; sourceTree = "<group>"; };
		E477F85A2C63C476007CCF05 /* BigButtonCell.swift */ = {isa = PBXFileReference; fileEncoding = 4; lastKnownFileType = sourcecode.swift; path = BigButtonCell.swift; sourceTree = "<group>"; };
		E477F85B2C63C476007CCF05 /* LongTextInputCell.swift */ = {isa = PBXFileReference; fileEncoding = 4; lastKnownFileType = sourcecode.swift; path = LongTextInputCell.swift; sourceTree = "<group>"; };
		E477F85C2C63C476007CCF05 /* ShortTextInputFieldCell.swift */ = {isa = PBXFileReference; fileEncoding = 4; lastKnownFileType = sourcecode.swift; path = ShortTextInputFieldCell.swift; sourceTree = "<group>"; };
		E477F85E2C63C476007CCF05 /* ActionField.swift */ = {isa = PBXFileReference; fileEncoding = 4; lastKnownFileType = sourcecode.swift; path = ActionField.swift; sourceTree = "<group>"; };
		E477F85F2C63C476007CCF05 /* BigActionField.swift */ = {isa = PBXFileReference; fileEncoding = 4; lastKnownFileType = sourcecode.swift; path = BigActionField.swift; sourceTree = "<group>"; };
		E477F8602C63C476007CCF05 /* BinaryChoiceField.swift */ = {isa = PBXFileReference; fileEncoding = 4; lastKnownFileType = sourcecode.swift; path = BinaryChoiceField.swift; sourceTree = "<group>"; };
		E477F8612C63C476007CCF05 /* FootnoteField.swift */ = {isa = PBXFileReference; fileEncoding = 4; lastKnownFileType = sourcecode.swift; path = FootnoteField.swift; sourceTree = "<group>"; };
		E477F8622C63C476007CCF05 /* LongTextInputField.swift */ = {isa = PBXFileReference; fileEncoding = 4; lastKnownFileType = sourcecode.swift; path = LongTextInputField.swift; sourceTree = "<group>"; };
		E477F8632C63C476007CCF05 /* OptionPickerField.swift */ = {isa = PBXFileReference; fileEncoding = 4; lastKnownFileType = sourcecode.swift; path = OptionPickerField.swift; sourceTree = "<group>"; };
		E477F8642C63C476007CCF05 /* ShortTextInputField.swift */ = {isa = PBXFileReference; fileEncoding = 4; lastKnownFileType = sourcecode.swift; path = ShortTextInputField.swift; sourceTree = "<group>"; };
		E477F8662C63C476007CCF05 /* HeightCalculating.swift */ = {isa = PBXFileReference; fileEncoding = 4; lastKnownFileType = sourcecode.swift; path = HeightCalculating.swift; sourceTree = "<group>"; };
		E477F8672C63C476007CCF05 /* InputFieldDisplaying.swift */ = {isa = PBXFileReference; fileEncoding = 4; lastKnownFileType = sourcecode.swift; path = InputFieldDisplaying.swift; sourceTree = "<group>"; };
		E477F8692C63C476007CCF05 /* ValidationErrorView.swift */ = {isa = PBXFileReference; fileEncoding = 4; lastKnownFileType = sourcecode.swift; path = ValidationErrorView.swift; sourceTree = "<group>"; };
		E477F86B2C63C476007CCF05 /* CellSpacingController.swift */ = {isa = PBXFileReference; fileEncoding = 4; lastKnownFileType = sourcecode.swift; path = CellSpacingController.swift; sourceTree = "<group>"; };
		E477F86C2C63C476007CCF05 /* InputAccessoryView.swift */ = {isa = PBXFileReference; fileEncoding = 4; lastKnownFileType = sourcecode.swift; path = InputAccessoryView.swift; sourceTree = "<group>"; };
		E477F86D2C63C476007CCF05 /* InputField.swift */ = {isa = PBXFileReference; fileEncoding = 4; lastKnownFileType = sourcecode.swift; path = InputField.swift; sourceTree = "<group>"; };
		E477F86E2C63C476007CCF05 /* InputForm.swift */ = {isa = PBXFileReference; fileEncoding = 4; lastKnownFileType = sourcecode.swift; path = InputForm.swift; sourceTree = "<group>"; };
		E477F86F2C63C476007CCF05 /* InputFormCollectionAdapter.swift */ = {isa = PBXFileReference; fileEncoding = 4; lastKnownFileType = sourcecode.swift; path = InputFormCollectionAdapter.swift; sourceTree = "<group>"; };
		E477F8702C63C476007CCF05 /* InputFormLayout.swift */ = {isa = PBXFileReference; fileEncoding = 4; lastKnownFileType = sourcecode.swift; path = InputFormLayout.swift; sourceTree = "<group>"; };
		E477F8712C63C476007CCF05 /* InputFormViewController.swift */ = {isa = PBXFileReference; fileEncoding = 4; lastKnownFileType = sourcecode.swift; path = InputFormViewController.swift; sourceTree = "<group>"; };
		E477F8732C63C476007CCF05 /* InstallInfo.swift */ = {isa = PBXFileReference; fileEncoding = 4; lastKnownFileType = sourcecode.swift; path = InstallInfo.swift; sourceTree = "<group>"; };
		E477F8752C63C476007CCF05 /* KeyboardListener.swift */ = {isa = PBXFileReference; fileEncoding = 4; lastKnownFileType = sourcecode.swift; path = KeyboardListener.swift; sourceTree = "<group>"; };
		E477F8772C63C476007CCF05 /* Randomness.swift */ = {isa = PBXFileReference; fileEncoding = 4; lastKnownFileType = sourcecode.swift; path = Randomness.swift; sourceTree = "<group>"; };
		E477F8792C63C476007CCF05 /* NSObject+DeinitSignal.swift */ = {isa = PBXFileReference; fileEncoding = 4; lastKnownFileType = sourcecode.swift; path = "NSObject+DeinitSignal.swift"; sourceTree = "<group>"; };
		E477F87A2C63C476007CCF05 /* Signals.swift */ = {isa = PBXFileReference; fileEncoding = 4; lastKnownFileType = sourcecode.swift; path = Signals.swift; sourceTree = "<group>"; };
		E477F87C2C63C476007CCF05 /* TypewriterEffect.swift */ = {isa = PBXFileReference; fileEncoding = 4; lastKnownFileType = sourcecode.swift; path = TypewriterEffect.swift; sourceTree = "<group>"; };
		E477F87E2C63C476007CCF05 /* Bundle+AppInfo.swift */ = {isa = PBXFileReference; fileEncoding = 4; lastKnownFileType = sourcecode.swift; path = "Bundle+AppInfo.swift"; sourceTree = "<group>"; };
		E477F8802C63C476007CCF05 /* UICollectionView+Dequeuing.swift */ = {isa = PBXFileReference; fileEncoding = 4; lastKnownFileType = sourcecode.swift; path = "UICollectionView+Dequeuing.swift"; sourceTree = "<group>"; };
		E477F8822C63C476007CCF05 /* UITableView+Dequeuing.swift */ = {isa = PBXFileReference; fileEncoding = 4; lastKnownFileType = sourcecode.swift; path = "UITableView+Dequeuing.swift"; sourceTree = "<group>"; };
		E477F8842C63C476007CCF05 /* AnimationTask.swift */ = {isa = PBXFileReference; fileEncoding = 4; lastKnownFileType = sourcecode.swift; path = AnimationTask.swift; sourceTree = "<group>"; };
		E477F8852C63C476007CCF05 /* Array+ViewStack.swift */ = {isa = PBXFileReference; fileEncoding = 4; lastKnownFileType = sourcecode.swift; path = "Array+ViewStack.swift"; sourceTree = "<group>"; };
		E477F8862C63C476007CCF05 /* AutoHeightTextView.swift */ = {isa = PBXFileReference; fileEncoding = 4; lastKnownFileType = sourcecode.swift; path = AutoHeightTextView.swift; sourceTree = "<group>"; };
		E477F8872C63C476007CCF05 /* CACornerMask+Corners.swift */ = {isa = PBXFileReference; fileEncoding = 4; lastKnownFileType = sourcecode.swift; path = "CACornerMask+Corners.swift"; sourceTree = "<group>"; };
		E477F8882C63C476007CCF05 /* CGRect+Operations.swift */ = {isa = PBXFileReference; fileEncoding = 4; lastKnownFileType = sourcecode.swift; path = "CGRect+Operations.swift"; sourceTree = "<group>"; };
		E477F8892C63C476007CCF05 /* CustomViewButton.swift */ = {isa = PBXFileReference; fileEncoding = 4; lastKnownFileType = sourcecode.swift; path = CustomViewButton.swift; sourceTree = "<group>"; };
		E477F88A2C63C476007CCF05 /* HeightCalculation.swift */ = {isa = PBXFileReference; fileEncoding = 4; lastKnownFileType = sourcecode.swift; path = HeightCalculation.swift; sourceTree = "<group>"; };
		E477F88B2C63C476007CCF05 /* Publisher+WithPrevious.swift */ = {isa = PBXFileReference; fileEncoding = 4; lastKnownFileType = sourcecode.swift; path = "Publisher+WithPrevious.swift"; sourceTree = "<group>"; };
		E477F88C2C63C476007CCF05 /* Reusable.swift */ = {isa = PBXFileReference; fileEncoding = 4; lastKnownFileType = sourcecode.swift; path = Reusable.swift; sourceTree = "<group>"; };
		E477F88D2C63C476007CCF05 /* Tween.swift */ = {isa = PBXFileReference; fileEncoding = 4; lastKnownFileType = sourcecode.swift; path = Tween.swift; sourceTree = "<group>"; };
		E477F88E2C63C476007CCF05 /* UIAlertAction+AddToController.swift */ = {isa = PBXFileReference; fileEncoding = 4; lastKnownFileType = sourcecode.swift; path = "UIAlertAction+AddToController.swift"; sourceTree = "<group>"; };
		E477F88F2C63C476007CCF05 /* UIAlertAction+Default.swift */ = {isa = PBXFileReference; fileEncoding = 4; lastKnownFileType = sourcecode.swift; path = "UIAlertAction+Default.swift"; sourceTree = "<group>"; };
		E477F8902C63C476007CCF05 /* UICollectionView+FlowLayout.swift */ = {isa = PBXFileReference; fileEncoding = 4; lastKnownFileType = sourcecode.swift; path = "UICollectionView+FlowLayout.swift"; sourceTree = "<group>"; };
		E477F8912C63C476007CCF05 /* UIColor+Hex.swift */ = {isa = PBXFileReference; fileEncoding = 4; lastKnownFileType = sourcecode.swift; path = "UIColor+Hex.swift"; sourceTree = "<group>"; };
		E477F8922C63C476007CCF05 /* UIColor+RGB.swift */ = {isa = PBXFileReference; fileEncoding = 4; lastKnownFileType = sourcecode.swift; path = "UIColor+RGB.swift"; sourceTree = "<group>"; };
		E477F8932C63C476007CCF05 /* UIControl+Blocks.swift */ = {isa = PBXFileReference; fileEncoding = 4; lastKnownFileType = sourcecode.swift; path = "UIControl+Blocks.swift"; sourceTree = "<group>"; };
		E477F8942C63C476007CCF05 /* UIDevice+Haptic.swift */ = {isa = PBXFileReference; fileEncoding = 4; lastKnownFileType = sourcecode.swift; path = "UIDevice+Haptic.swift"; sourceTree = "<group>"; };
		E477F8952C63C476007CCF05 /* UIDevice+Insets.swift */ = {isa = PBXFileReference; fileEncoding = 4; lastKnownFileType = sourcecode.swift; path = "UIDevice+Insets.swift"; sourceTree = "<group>"; };
		E477F8962C63C476007CCF05 /* UIImage+Orientation.swift */ = {isa = PBXFileReference; fileEncoding = 4; lastKnownFileType = sourcecode.swift; path = "UIImage+Orientation.swift"; sourceTree = "<group>"; };
		E477F8972C63C476007CCF05 /* UINavigationBar+Transparency.swift */ = {isa = PBXFileReference; fileEncoding = 4; lastKnownFileType = sourcecode.swift; path = "UINavigationBar+Transparency.swift"; sourceTree = "<group>"; };
		E477F8982C63C476007CCF05 /* UIStackView+Spacer.swift */ = {isa = PBXFileReference; fileEncoding = 4; lastKnownFileType = sourcecode.swift; path = "UIStackView+Spacer.swift"; sourceTree = "<group>"; };
		E477F8992C63C476007CCF05 /* UIStackView+Spacing.swift */ = {isa = PBXFileReference; fileEncoding = 4; lastKnownFileType = sourcecode.swift; path = "UIStackView+Spacing.swift"; sourceTree = "<group>"; };
		E477F89A2C63C476007CCF05 /* UIView+Blur.swift */ = {isa = PBXFileReference; fileEncoding = 4; lastKnownFileType = sourcecode.swift; path = "UIView+Blur.swift"; sourceTree = "<group>"; };
		E477F89B2C63C476007CCF05 /* UIView+parentViewController.swift */ = {isa = PBXFileReference; fileEncoding = 4; lastKnownFileType = sourcecode.swift; path = "UIView+parentViewController.swift"; sourceTree = "<group>"; };
		E477F89C2C63C476007CCF05 /* UIView+Snapping.swift */ = {isa = PBXFileReference; fileEncoding = 4; lastKnownFileType = sourcecode.swift; path = "UIView+Snapping.swift"; sourceTree = "<group>"; };
		E477F89D2C63C476007CCF05 /* UIView+Snapshot.swift */ = {isa = PBXFileReference; fileEncoding = 4; lastKnownFileType = sourcecode.swift; path = "UIView+Snapshot.swift"; sourceTree = "<group>"; };
		E477F89E2C63C476007CCF05 /* UIView+Transition.swift */ = {isa = PBXFileReference; fileEncoding = 4; lastKnownFileType = sourcecode.swift; path = "UIView+Transition.swift"; sourceTree = "<group>"; };
		E477F89F2C63C476007CCF05 /* UIViewController+ComingSoon.swift */ = {isa = PBXFileReference; fileEncoding = 4; lastKnownFileType = sourcecode.swift; path = "UIViewController+ComingSoon.swift"; sourceTree = "<group>"; };
		E477F8A02C63C476007CCF05 /* UIViewController+Toasts.swift */ = {isa = PBXFileReference; fileEncoding = 4; lastKnownFileType = sourcecode.swift; path = "UIViewController+Toasts.swift"; sourceTree = "<group>"; };
		E477F8A12C63C476007CCF05 /* UIViewController+Transition.swift */ = {isa = PBXFileReference; fileEncoding = 4; lastKnownFileType = sourcecode.swift; path = "UIViewController+Transition.swift"; sourceTree = "<group>"; };
		E477F8A22C63C476007CCF05 /* ViewAboveKeyboardAdjuster.swift */ = {isa = PBXFileReference; fileEncoding = 4; lastKnownFileType = sourcecode.swift; path = ViewAboveKeyboardAdjuster.swift; sourceTree = "<group>"; };
		E477F8A42C63C476007CCF05 /* UIView+Change.swift */ = {isa = PBXFileReference; fileEncoding = 4; lastKnownFileType = sourcecode.swift; path = "UIView+Change.swift"; sourceTree = "<group>"; };
		E477F8A62C63C476007CCF05 /* Validator.swift */ = {isa = PBXFileReference; fileEncoding = 4; lastKnownFileType = sourcecode.swift; path = Validator.swift; sourceTree = "<group>"; };
		E477F8A82C63C476007CCF05 /* SplashTouchEffect.swift */ = {isa = PBXFileReference; fileEncoding = 4; lastKnownFileType = sourcecode.swift; path = SplashTouchEffect.swift; sourceTree = "<group>"; };
		E477F8A92C63C476007CCF05 /* TouchDecoratorView.swift */ = {isa = PBXFileReference; fileEncoding = 4; lastKnownFileType = sourcecode.swift; path = TouchDecoratorView.swift; sourceTree = "<group>"; };
		E477F8AA2C63C476007CCF05 /* TouchEffect.swift */ = {isa = PBXFileReference; fileEncoding = 4; lastKnownFileType = sourcecode.swift; path = TouchEffect.swift; sourceTree = "<group>"; };
		E477F8AB2C63C476007CCF05 /* UIControl+TouchDecorator.swift */ = {isa = PBXFileReference; fileEncoding = 4; lastKnownFileType = sourcecode.swift; path = "UIControl+TouchDecorator.swift"; sourceTree = "<group>"; };
		E477F8AC2C63C476007CCF05 /* WaveTouchEffect.swift */ = {isa = PBXFileReference; fileEncoding = 4; lastKnownFileType = sourcecode.swift; path = WaveTouchEffect.swift; sourceTree = "<group>"; };
		E477F8AE2C63C476007CCF05 /* ButtonWithIcon.swift */ = {isa = PBXFileReference; fileEncoding = 4; lastKnownFileType = sourcecode.swift; path = ButtonWithIcon.swift; sourceTree = "<group>"; };
		E477F8AF2C63C476007CCF05 /* GradientView.swift */ = {isa = PBXFileReference; fileEncoding = 4; lastKnownFileType = sourcecode.swift; path = GradientView.swift; sourceTree = "<group>"; };
		E477F8B02C63C476007CCF05 /* NavigationButton.swift */ = {isa = PBXFileReference; fileEncoding = 4; lastKnownFileType = sourcecode.swift; path = NavigationButton.swift; sourceTree = "<group>"; };
		E477F8B12C63C476007CCF05 /* PlaceholderTextView.swift */ = {isa = PBXFileReference; fileEncoding = 4; lastKnownFileType = sourcecode.swift; path = PlaceholderTextView.swift; sourceTree = "<group>"; };
		E477F8B22C63C476007CCF05 /* ScrollingStackView.swift */ = {isa = PBXFileReference; fileEncoding = 4; lastKnownFileType = sourcecode.swift; path = ScrollingStackView.swift; sourceTree = "<group>"; };
		E477F8B32C63C476007CCF05 /* ZeroInsetTextView.swift */ = {isa = PBXFileReference; fileEncoding = 4; lastKnownFileType = sourcecode.swift; path = ZeroInsetTextView.swift; sourceTree = "<group>"; };
		E477F8B52C63C476007CCF05 /* PredicateSet.swift */ = {isa = PBXFileReference; fileEncoding = 4; lastKnownFileType = sourcecode.swift; path = PredicateSet.swift; sourceTree = "<group>"; };
		E477F8B62C63C476007CCF05 /* Reachability.swift */ = {isa = PBXFileReference; fileEncoding = 4; lastKnownFileType = sourcecode.swift; path = Reachability.swift; sourceTree = "<group>"; };
/* End PBXFileReference section */

/* Begin PBXFrameworksBuildPhase section */
		E477F8052C63C443007CCF05 /* Frameworks */ = {
			isa = PBXFrameworksBuildPhase;
			buildActionMask = 2147483647;
			files = (
			);
			runOnlyForDeploymentPostprocessing = 0;
		};
/* End PBXFrameworksBuildPhase section */

/* Begin PBXGroup section */
		E477F7FF2C63C443007CCF05 = {
			isa = PBXGroup;
			children = (
				E477F80A2C63C443007CCF05 /* TZ-Wild Wild */,
				E477F8092C63C443007CCF05 /* Products */,
			);
			sourceTree = "<group>";
		};
		E477F8092C63C443007CCF05 /* Products */ = {
			isa = PBXGroup;
			children = (
				E477F8082C63C443007CCF05 /* TZ-Wild Wild.app */,
			);
			name = Products;
			sourceTree = "<group>";
		};
		E477F80A2C63C443007CCF05 /* TZ-Wild Wild */ = {
			isa = PBXGroup;
			children = (
				E477F80B2C63C443007CCF05 /* AppDelegate.swift */,
				E477F80D2C63C443007CCF05 /* SceneDelegate.swift */,
				E477F80F2C63C443007CCF05 /* ViewController.swift */,
				E477F8142C63C445007CCF05 /* Assets.xcassets */,
				E477F8162C63C445007CCF05 /* LaunchScreen.storyboard */,
				E477F8192C63C445007CCF05 /* Info.plist */,
				E477F8B72C63C476007CCF05 /* Tools */,
			);
			path = "TZ-Wild Wild";
			sourceTree = "<group>";
		};
		E477F8202C63C476007CCF05 /* Curves */ = {
			isa = PBXGroup;
			children = (
				E477F81F2C63C476007CCF05 /* Curves.swift */,
			);
			path = Curves;
			sourceTree = "<group>";
		};
		E477F8222C63C476007CCF05 /* Flow+MailComposer */ = {
			isa = PBXGroup;
			children = (
				E477F8212C63C476007CCF05 /* Flow+MailComposer.swift */,
			);
			path = "Flow+MailComposer";
			sourceTree = "<group>";
		};
		E477F8252C63C476007CCF05 /* Parser */ = {
			isa = PBXGroup;
			children = (
				E477F8232C63C476007CCF05 /* AirtableObject.swift */,
				E477F8242C63C476007CCF05 /* ResponseParser.swift */,
			);
			path = Parser;
			sourceTree = "<group>";
		};
		E477F82E2C63C476007CCF05 /* Generic Network */ = {
			isa = PBXGroup;
			children = (
				E477F8252C63C476007CCF05 /* Parser */,
				E477F8262C63C476007CCF05 /* CompositeRequestExecutor.swift */,
				E477F8272C63C476007CCF05 /* DataTask.swift */,
				E477F8282C63C476007CCF05 /* ErrorClassifier.swift */,
				E477F8292C63C476007CCF05 /* HTTPRequestExecutor.swift */,
				E477F82A2C63C476007CCF05 /* NestedDecoder.swift */,
				E477F82B2C63C476007CCF05 /* Request.swift */,
				E477F82C2C63C476007CCF05 /* RequestExecuting.swift */,
				E477F82D2C63C476007CCF05 /* Result+States.swift */,
			);
			path = "Generic Network";
			sourceTree = "<group>";
		};
		E477F8302C63C476007CCF05 /* ObservablePreferences */ = {
			isa = PBXGroup;
			children = (
				E477F82F2C63C476007CCF05 /* ObservablePreferences.swift */,
			);
			path = ObservablePreferences;
			sourceTree = "<group>";
		};
		E477F8322C63C476007CCF05 /* Presentation Router */ = {
			isa = PBXGroup;
			children = (
				E477F8312C63C476007CCF05 /* FlowPresentationRouter.swift */,
			);
			path = "Presentation Router";
			sourceTree = "<group>";
		};
		E477F8362C63C476007CCF05 /* Protocols */ = {
			isa = PBXGroup;
			children = (
				E477F8332C63C476007CCF05 /* Module+Access.swift */,
				E477F8342C63C476007CCF05 /* Service.swift */,
				E477F8352C63C476007CCF05 /* ServiceProviding.swift */,
			);
			path = Protocols;
			sourceTree = "<group>";
		};
		E477F83F2C63C476007CCF05 /* Flows */ = {
			isa = PBXGroup;
			children = (
				E477F8222C63C476007CCF05 /* Flow+MailComposer */,
				E477F82E2C63C476007CCF05 /* Generic Network */,
				E477F8302C63C476007CCF05 /* ObservablePreferences */,
				E477F8322C63C476007CCF05 /* Presentation Router */,
				E477F8362C63C476007CCF05 /* Protocols */,
				E477F8372C63C476007CCF05 /* ApplicationError.swift */,
				E477F8382C63C476007CCF05 /* Flow.swift */,
				E477F8392C63C476007CCF05 /* Model.swift */,
				E477F83A2C63C476007CCF05 /* Model+Lookup.swift */,
				E477F83B2C63C476007CCF05 /* Model+RepresentationBinding.swift */,
				E477F83C2C63C476007CCF05 /* Model+StructureDisplay.swift */,
				E477F83D2C63C476007CCF05 /* Preferences.swift */,
				E477F83E2C63C476007CCF05 /* ServiceLocator.swift */,
			);
			path = Flows;
			sourceTree = "<group>";
		};
		E477F8482C63C476007CCF05 /* Foundation Extensions */ = {
			isa = PBXGroup;
			children = (
				E477F8402C63C476007CCF05 /* Array+Duplicates.swift */,
				E477F8412C63C476007CCF05 /* Array+Pairs.swift */,
				E477F8422C63C476007CCF05 /* Array+Repeat.swift */,
				E477F8432C63C476007CCF05 /* Array+Revolving.swift */,
				E477F8442C63C476007CCF05 /* Array+SafeAccess.swift */,
				E477F8452C63C476007CCF05 /* Array+Split.swift */,
				E477F8462C63C476007CCF05 /* String+Format.swift */,
				E477F8472C63C476007CCF05 /* String+Localization.swift */,
			);
			path = "Foundation Extensions";
			sourceTree = "<group>";
		};
		E477F84D2C63C476007CCF05 /* View Style */ = {
			isa = PBXGroup;
			children = (
				E477F8492C63C476007CCF05 /* ButtonStyles.swift */,
				E477F84A2C63C476007CCF05 /* CardViewStyle.swift */,
				E477F84B2C63C476007CCF05 /* ViewStylePrimitives.swift */,
				E477F84C2C63C476007CCF05 /* ViewStyling.swift */,
			);
			path = "View Style";
			sourceTree = "<group>";
		};
		E477F8552C63C476007CCF05 /* Functional */ = {
			isa = PBXGroup;
			children = (
				E477F84D2C63C476007CCF05 /* View Style */,
				E477F84E2C63C476007CCF05 /* CallBuffer.swift */,
				E477F84F2C63C476007CCF05 /* Functional.swift */,
				E477F8502C63C476007CCF05 /* ManagedProperty.swift */,
				E477F8512C63C476007CCF05 /* Mutate.swift */,
				E477F8522C63C476007CCF05 /* ProcessCounter.swift */,
				E477F8532C63C476007CCF05 /* Stack.swift */,
				E477F8542C63C476007CCF05 /* Then.swift */,
			);
			path = Functional;
			sourceTree = "<group>";
		};
		E477F8592C63C476007CCF05 /* Behaviors */ = {
			isa = PBXGroup;
			children = (
				E477F8562C63C476007CCF05 /* CollectionViewBehavior.swift */,
				E477F8572C63C476007CCF05 /* FreeDecorationBehavior.swift */,
				E477F8582C63C476007CCF05 /* KeyboardHandlingBehavior.swift */,
			);
			path = Behaviors;
			sourceTree = "<group>";
		};
		E477F85D2C63C476007CCF05 /* Cells */ = {
			isa = PBXGroup;
			children = (
				E477F85A2C63C476007CCF05 /* BigButtonCell.swift */,
				E477F85B2C63C476007CCF05 /* LongTextInputCell.swift */,
				E477F85C2C63C476007CCF05 /* ShortTextInputFieldCell.swift */,
			);
			path = Cells;
			sourceTree = "<group>";
		};
		E477F8652C63C476007CCF05 /* Fields */ = {
			isa = PBXGroup;
			children = (
				E477F85E2C63C476007CCF05 /* ActionField.swift */,
				E477F85F2C63C476007CCF05 /* BigActionField.swift */,
				E477F8602C63C476007CCF05 /* BinaryChoiceField.swift */,
				E477F8612C63C476007CCF05 /* FootnoteField.swift */,
				E477F8622C63C476007CCF05 /* LongTextInputField.swift */,
				E477F8632C63C476007CCF05 /* OptionPickerField.swift */,
				E477F8642C63C476007CCF05 /* ShortTextInputField.swift */,
			);
			path = Fields;
			sourceTree = "<group>";
		};
		E477F8682C63C476007CCF05 /* Protocols */ = {
			isa = PBXGroup;
			children = (
				E477F8662C63C476007CCF05 /* HeightCalculating.swift */,
				E477F8672C63C476007CCF05 /* InputFieldDisplaying.swift */,
			);
			path = Protocols;
			sourceTree = "<group>";
		};
		E477F86A2C63C476007CCF05 /* Validation Error View */ = {
			isa = PBXGroup;
			children = (
				E477F8692C63C476007CCF05 /* ValidationErrorView.swift */,
			);
			path = "Validation Error View";
			sourceTree = "<group>";
		};
		E477F8722C63C476007CCF05 /* Input Form */ = {
			isa = PBXGroup;
			children = (
				E477F8592C63C476007CCF05 /* Behaviors */,
				E477F85D2C63C476007CCF05 /* Cells */,
				E477F8652C63C476007CCF05 /* Fields */,
				E477F8682C63C476007CCF05 /* Protocols */,
				E477F86A2C63C476007CCF05 /* Validation Error View */,
				E477F86B2C63C476007CCF05 /* CellSpacingController.swift */,
				E477F86C2C63C476007CCF05 /* InputAccessoryView.swift */,
				E477F86D2C63C476007CCF05 /* InputField.swift */,
				E477F86E2C63C476007CCF05 /* InputForm.swift */,
				E477F86F2C63C476007CCF05 /* InputFormCollectionAdapter.swift */,
				E477F8702C63C476007CCF05 /* InputFormLayout.swift */,
				E477F8712C63C476007CCF05 /* InputFormViewController.swift */,
			);
			path = "Input Form";
			sourceTree = "<group>";
		};
		E477F8742C63C476007CCF05 /* Install Info */ = {
			isa = PBXGroup;
			children = (
				E477F8732C63C476007CCF05 /* InstallInfo.swift */,
			);
			path = "Install Info";
			sourceTree = "<group>";
		};
		E477F8762C63C476007CCF05 /* Keyboard */ = {
			isa = PBXGroup;
			children = (
				E477F8752C63C476007CCF05 /* KeyboardListener.swift */,
			);
			path = Keyboard;
			sourceTree = "<group>";
		};
		E477F8782C63C476007CCF05 /* Randomness */ = {
			isa = PBXGroup;
			children = (
				E477F8772C63C476007CCF05 /* Randomness.swift */,
			);
			path = Randomness;
			sourceTree = "<group>";
		};
		E477F87B2C63C476007CCF05 /* Reactive Components */ = {
			isa = PBXGroup;
			children = (
				E477F8792C63C476007CCF05 /* NSObject+DeinitSignal.swift */,
				E477F87A2C63C476007CCF05 /* Signals.swift */,
			);
			path = "Reactive Components";
			sourceTree = "<group>";
		};
		E477F87D2C63C476007CCF05 /* Type Effects */ = {
			isa = PBXGroup;
			children = (
				E477F87C2C63C476007CCF05 /* TypewriterEffect.swift */,
			);
			path = "Type Effects";
			sourceTree = "<group>";
		};
		E477F87F2C63C476007CCF05 /* Bundle */ = {
			isa = PBXGroup;
			children = (
				E477F87E2C63C476007CCF05 /* Bundle+AppInfo.swift */,
			);
			path = Bundle;
			sourceTree = "<group>";
		};
		E477F8812C63C476007CCF05 /* UICollectionView */ = {
			isa = PBXGroup;
			children = (
				E477F8802C63C476007CCF05 /* UICollectionView+Dequeuing.swift */,
			);
			path = UICollectionView;
			sourceTree = "<group>";
		};
		E477F8832C63C476007CCF05 /* UITableView */ = {
			isa = PBXGroup;
			children = (
				E477F8822C63C476007CCF05 /* UITableView+Dequeuing.swift */,
			);
			path = UITableView;
			sourceTree = "<group>";
		};
		E477F8A32C63C476007CCF05 /* UIKit Extensions */ = {
			isa = PBXGroup;
			children = (
				E477F87F2C63C476007CCF05 /* Bundle */,
				E477F8812C63C476007CCF05 /* UICollectionView */,
				E477F8832C63C476007CCF05 /* UITableView */,
				E477F8842C63C476007CCF05 /* AnimationTask.swift */,
				E477F8852C63C476007CCF05 /* Array+ViewStack.swift */,
				E477F8862C63C476007CCF05 /* AutoHeightTextView.swift */,
				E477F8872C63C476007CCF05 /* CACornerMask+Corners.swift */,
				E477F8882C63C476007CCF05 /* CGRect+Operations.swift */,
				E477F8892C63C476007CCF05 /* CustomViewButton.swift */,
				E477F88A2C63C476007CCF05 /* HeightCalculation.swift */,
				E477F88B2C63C476007CCF05 /* Publisher+WithPrevious.swift */,
				E477F88C2C63C476007CCF05 /* Reusable.swift */,
				E477F88D2C63C476007CCF05 /* Tween.swift */,
				E477F88E2C63C476007CCF05 /* UIAlertAction+AddToController.swift */,
				E477F88F2C63C476007CCF05 /* UIAlertAction+Default.swift */,
				E477F8902C63C476007CCF05 /* UICollectionView+FlowLayout.swift */,
				E477F8912C63C476007CCF05 /* UIColor+Hex.swift */,
				E477F8922C63C476007CCF05 /* UIColor+RGB.swift */,
				E477F8932C63C476007CCF05 /* UIControl+Blocks.swift */,
				E477F8942C63C476007CCF05 /* UIDevice+Haptic.swift */,
				E477F8952C63C476007CCF05 /* UIDevice+Insets.swift */,
				E477F8962C63C476007CCF05 /* UIImage+Orientation.swift */,
				E477F8972C63C476007CCF05 /* UINavigationBar+Transparency.swift */,
				E477F8982C63C476007CCF05 /* UIStackView+Spacer.swift */,
				E477F8992C63C476007CCF05 /* UIStackView+Spacing.swift */,
				E477F89A2C63C476007CCF05 /* UIView+Blur.swift */,
				E477F89B2C63C476007CCF05 /* UIView+parentViewController.swift */,
				E477F89C2C63C476007CCF05 /* UIView+Snapping.swift */,
				E477F89D2C63C476007CCF05 /* UIView+Snapshot.swift */,
				E477F89E2C63C476007CCF05 /* UIView+Transition.swift */,
				E477F89F2C63C476007CCF05 /* UIViewController+ComingSoon.swift */,
				E477F8A02C63C476007CCF05 /* UIViewController+Toasts.swift */,
				E477F8A12C63C476007CCF05 /* UIViewController+Transition.swift */,
				E477F8A22C63C476007CCF05 /* ViewAboveKeyboardAdjuster.swift */,
			);
			path = "UIKit Extensions";
			sourceTree = "<group>";
		};
		E477F8A52C63C476007CCF05 /* UIView Change */ = {
			isa = PBXGroup;
			children = (
				E477F8A42C63C476007CCF05 /* UIView+Change.swift */,
			);
			path = "UIView Change";
			sourceTree = "<group>";
		};
		E477F8A72C63C476007CCF05 /* Validator */ = {
			isa = PBXGroup;
			children = (
				E477F8A62C63C476007CCF05 /* Validator.swift */,
			);
			path = Validator;
			sourceTree = "<group>";
		};
		E477F8AD2C63C476007CCF05 /* Touch Decorator */ = {
			isa = PBXGroup;
			children = (
				E477F8A82C63C476007CCF05 /* SplashTouchEffect.swift */,
				E477F8A92C63C476007CCF05 /* TouchDecoratorView.swift */,
				E477F8AA2C63C476007CCF05 /* TouchEffect.swift */,
				E477F8AB2C63C476007CCF05 /* UIControl+TouchDecorator.swift */,
				E477F8AC2C63C476007CCF05 /* WaveTouchEffect.swift */,
			);
			path = "Touch Decorator";
			sourceTree = "<group>";
		};
		E477F8B42C63C476007CCF05 /* View */ = {
			isa = PBXGroup;
			children = (
				E477F8AD2C63C476007CCF05 /* Touch Decorator */,
				E477F8AE2C63C476007CCF05 /* ButtonWithIcon.swift */,
				E477F8AF2C63C476007CCF05 /* GradientView.swift */,
				E477F8B02C63C476007CCF05 /* NavigationButton.swift */,
				E477F8B12C63C476007CCF05 /* PlaceholderTextView.swift */,
				E477F8B22C63C476007CCF05 /* ScrollingStackView.swift */,
				E477F8B32C63C476007CCF05 /* ZeroInsetTextView.swift */,
			);
			path = View;
			sourceTree = "<group>";
		};
		E477F8B72C63C476007CCF05 /* Tools */ = {
			isa = PBXGroup;
			children = (
				E477F8202C63C476007CCF05 /* Curves */,
				E477F83F2C63C476007CCF05 /* Flows */,
				E477F8482C63C476007CCF05 /* Foundation Extensions */,
				E477F8552C63C476007CCF05 /* Functional */,
				E477F8722C63C476007CCF05 /* Input Form */,
				E477F8742C63C476007CCF05 /* Install Info */,
				E477F8762C63C476007CCF05 /* Keyboard */,
				E477F8782C63C476007CCF05 /* Randomness */,
				E477F87B2C63C476007CCF05 /* Reactive Components */,
				E477F87D2C63C476007CCF05 /* Type Effects */,
				E477F8A32C63C476007CCF05 /* UIKit Extensions */,
				E477F8A52C63C476007CCF05 /* UIView Change */,
				E477F8A72C63C476007CCF05 /* Validator */,
				E477F8B42C63C476007CCF05 /* View */,
				E477F8B52C63C476007CCF05 /* PredicateSet.swift */,
				E477F8B62C63C476007CCF05 /* Reachability.swift */,
			);
			path = Tools;
			sourceTree = SOURCE_ROOT;
		};
/* End PBXGroup section */

/* Begin PBXNativeTarget section */
		E477F8072C63C443007CCF05 /* TZ-Wild Wild */ = {
			isa = PBXNativeTarget;
			buildConfigurationList = E477F81C2C63C445007CCF05 /* Build configuration list for PBXNativeTarget "TZ-Wild Wild" */;
			buildPhases = (
				E477F8042C63C443007CCF05 /* Sources */,
				E477F8052C63C443007CCF05 /* Frameworks */,
				E477F8062C63C443007CCF05 /* Resources */,
			);
			buildRules = (
			);
			dependencies = (
			);
			name = "TZ-Wild Wild";
			productName = "TZ-Wild Wild";
			productReference = E477F8082C63C443007CCF05 /* TZ-Wild Wild.app */;
			productType = "com.apple.product-type.application";
		};
/* End PBXNativeTarget section */

/* Begin PBXProject section */
		E477F8002C63C443007CCF05 /* Project object */ = {
			isa = PBXProject;
			attributes = {
				BuildIndependentTargetsInParallel = 1;
				LastSwiftUpdateCheck = 1540;
				LastUpgradeCheck = 1540;
				TargetAttributes = {
					E477F8072C63C443007CCF05 = {
						CreatedOnToolsVersion = 15.4;
					};
				};
			};
			buildConfigurationList = E477F8032C63C443007CCF05 /* Build configuration list for PBXProject "TZ-Wild Wild" */;
			compatibilityVersion = "Xcode 14.0";
			developmentRegion = en;
			hasScannedForEncodings = 0;
			knownRegions = (
				en,
				Base,
			);
			mainGroup = E477F7FF2C63C443007CCF05;
			productRefGroup = E477F8092C63C443007CCF05 /* Products */;
			projectDirPath = "";
			projectRoot = "";
			targets = (
				E477F8072C63C443007CCF05 /* TZ-Wild Wild */,
			);
		};
/* End PBXProject section */

/* Begin PBXResourcesBuildPhase section */
		E477F8062C63C443007CCF05 /* Resources */ = {
			isa = PBXResourcesBuildPhase;
			buildActionMask = 2147483647;
			files = (
				E477F8152C63C445007CCF05 /* Assets.xcassets in Resources */,
				E477F8182C63C445007CCF05 /* Base in Resources */,
			);
			runOnlyForDeploymentPostprocessing = 0;
		};
/* End PBXResourcesBuildPhase section */

/* Begin PBXSourcesBuildPhase section */
		E477F8042C63C443007CCF05 /* Sources */ = {
			isa = PBXSourcesBuildPhase;
			buildActionMask = 2147483647;
			files = (
				E477F90B2C63C476007CCF05 /* Publisher+WithPrevious.swift in Sources */,
				E477F8102C63C443007CCF05 /* ViewController.swift in Sources */,
				E477F8DC2C63C476007CCF05 /* ViewStyling.swift in Sources */,
				E477F8EA2C63C476007CCF05 /* ActionField.swift in Sources */,
				E477F9032C63C476007CCF05 /* UITableView+Dequeuing.swift in Sources */,
				E477F8E92C63C476007CCF05 /* ShortTextInputFieldCell.swift in Sources */,
				E477F9072C63C476007CCF05 /* CACornerMask+Corners.swift in Sources */,
				E477F8F32C63C476007CCF05 /* ValidationErrorView.swift in Sources */,
				E477F8ED2C63C476007CCF05 /* FootnoteField.swift in Sources */,
				E477F8E52C63C476007CCF05 /* FreeDecorationBehavior.swift in Sources */,
				E477F8C12C63C476007CCF05 /* Request.swift in Sources */,
				E477F8BE2C63C476007CCF05 /* ErrorClassifier.swift in Sources */,
				E477F9112C63C476007CCF05 /* UIColor+Hex.swift in Sources */,
				E477F90C2C63C476007CCF05 /* Reusable.swift in Sources */,
				E477F8E32C63C476007CCF05 /* Then.swift in Sources */,
				E477F9172C63C476007CCF05 /* UINavigationBar+Transparency.swift in Sources */,
				E477F8D82C63C476007CCF05 /* String+Localization.swift in Sources */,
				E477F8CC2C63C476007CCF05 /* Model+Lookup.swift in Sources */,
				E477F8C52C63C476007CCF05 /* FlowPresentationRouter.swift in Sources */,
				E477F8E02C63C476007CCF05 /* Mutate.swift in Sources */,
				E477F8DD2C63C476007CCF05 /* CallBuffer.swift in Sources */,
				E477F9132C63C476007CCF05 /* UIControl+Blocks.swift in Sources */,
				E477F8EE2C63C476007CCF05 /* LongTextInputField.swift in Sources */,
				E477F8DB2C63C476007CCF05 /* ViewStylePrimitives.swift in Sources */,
				E477F8E22C63C476007CCF05 /* Stack.swift in Sources */,
				E477F8C82C63C476007CCF05 /* ServiceProviding.swift in Sources */,
				E477F9052C63C476007CCF05 /* Array+ViewStack.swift in Sources */,
				E477F8D62C63C476007CCF05 /* Array+Split.swift in Sources */,
				E477F9262C63C476007CCF05 /* TouchDecoratorView.swift in Sources */,
				E477F8CD2C63C476007CCF05 /* Model+RepresentationBinding.swift in Sources */,
				E477F8EF2C63C476007CCF05 /* OptionPickerField.swift in Sources */,
				E477F9202C63C476007CCF05 /* UIViewController+Toasts.swift in Sources */,
				E477F8F02C63C476007CCF05 /* ShortTextInputField.swift in Sources */,
				E477F9242C63C476007CCF05 /* Validator.swift in Sources */,
				E477F8F62C63C476007CCF05 /* InputField.swift in Sources */,
				E477F8F92C63C476007CCF05 /* InputFormLayout.swift in Sources */,
				E477F91B2C63C476007CCF05 /* UIView+parentViewController.swift in Sources */,
				E477F9282C63C476007CCF05 /* UIControl+TouchDecorator.swift in Sources */,
				E477F9302C63C476007CCF05 /* PredicateSet.swift in Sources */,
				E477F8FD2C63C476007CCF05 /* Randomness.swift in Sources */,
				E477F92B2C63C476007CCF05 /* GradientView.swift in Sources */,
				E477F8FF2C63C476007CCF05 /* Signals.swift in Sources */,
				E477F9292C63C476007CCF05 /* WaveTouchEffect.swift in Sources */,
				E477F9142C63C476007CCF05 /* UIDevice+Haptic.swift in Sources */,
				E477F91E2C63C476007CCF05 /* UIView+Transition.swift in Sources */,
				E477F8FB2C63C476007CCF05 /* InstallInfo.swift in Sources */,
				E477F9162C63C476007CCF05 /* UIImage+Orientation.swift in Sources */,
				E477F9152C63C476007CCF05 /* UIDevice+Insets.swift in Sources */,
				E477F8B92C63C476007CCF05 /* Flow+MailComposer.swift in Sources */,
				E477F8D52C63C476007CCF05 /* Array+SafeAccess.swift in Sources */,
				E477F80C2C63C443007CCF05 /* AppDelegate.swift in Sources */,
				E477F8CA2C63C476007CCF05 /* Flow.swift in Sources */,
				E477F9042C63C476007CCF05 /* AnimationTask.swift in Sources */,
				E477F8BD2C63C476007CCF05 /* DataTask.swift in Sources */,
				E477F92C2C63C476007CCF05 /* NavigationButton.swift in Sources */,
				E477F91A2C63C476007CCF05 /* UIView+Blur.swift in Sources */,
				E477F8D12C63C476007CCF05 /* Array+Duplicates.swift in Sources */,
				E477F8F52C63C476007CCF05 /* InputAccessoryView.swift in Sources */,
				E477F8D72C63C476007CCF05 /* String+Format.swift in Sources */,
				E477F9232C63C476007CCF05 /* UIView+Change.swift in Sources */,
				E477F8D92C63C476007CCF05 /* ButtonStyles.swift in Sources */,
				E477F8F42C63C476007CCF05 /* CellSpacingController.swift in Sources */,
				E477F8C22C63C476007CCF05 /* RequestExecuting.swift in Sources */,
				E477F80E2C63C443007CCF05 /* SceneDelegate.swift in Sources */,
				E477F9122C63C476007CCF05 /* UIColor+RGB.swift in Sources */,
				E477F92D2C63C476007CCF05 /* PlaceholderTextView.swift in Sources */,
				E477F90D2C63C476007CCF05 /* Tween.swift in Sources */,
				E477F8BF2C63C476007CCF05 /* HTTPRequestExecutor.swift in Sources */,
				E477F8C92C63C476007CCF05 /* ApplicationError.swift in Sources */,
				E477F8FC2C63C476007CCF05 /* KeyboardListener.swift in Sources */,
				E477F90F2C63C476007CCF05 /* UIAlertAction+Default.swift in Sources */,
				E477F91C2C63C476007CCF05 /* UIView+Snapping.swift in Sources */,
				E477F8EB2C63C476007CCF05 /* BigActionField.swift in Sources */,
				E477F8C72C63C476007CCF05 /* Service.swift in Sources */,
				E477F8CE2C63C476007CCF05 /* Model+StructureDisplay.swift in Sources */,
				E477F9252C63C476007CCF05 /* SplashTouchEffect.swift in Sources */,
				E477F8CF2C63C476007CCF05 /* Preferences.swift in Sources */,
				E477F8FA2C63C476007CCF05 /* InputFormViewController.swift in Sources */,
				E477F8CB2C63C476007CCF05 /* Model.swift in Sources */,
				E477F9082C63C476007CCF05 /* CGRect+Operations.swift in Sources */,
				E477F90A2C63C476007CCF05 /* HeightCalculation.swift in Sources */,
				E477F8C02C63C476007CCF05 /* NestedDecoder.swift in Sources */,
				E477F9272C63C476007CCF05 /* TouchEffect.swift in Sources */,
				E477F92F2C63C476007CCF05 /* ZeroInsetTextView.swift in Sources */,
				E477F90E2C63C476007CCF05 /* UIAlertAction+AddToController.swift in Sources */,
				E477F92A2C63C476007CCF05 /* ButtonWithIcon.swift in Sources */,
				E477F8D02C63C476007CCF05 /* ServiceLocator.swift in Sources */,
				E477F8F72C63C476007CCF05 /* InputForm.swift in Sources */,
				E477F8D42C63C476007CCF05 /* Array+Revolving.swift in Sources */,
				E477F9002C63C476007CCF05 /* TypewriterEffect.swift in Sources */,
				E477F9022C63C476007CCF05 /* UICollectionView+Dequeuing.swift in Sources */,
				E477F8BC2C63C476007CCF05 /* CompositeRequestExecutor.swift in Sources */,
				E477F9212C63C476007CCF05 /* UIViewController+Transition.swift in Sources */,
				E477F9062C63C476007CCF05 /* AutoHeightTextView.swift in Sources */,
				E477F9182C63C476007CCF05 /* UIStackView+Spacer.swift in Sources */,
				E477F8F12C63C476007CCF05 /* HeightCalculating.swift in Sources */,
				E477F8BA2C63C476007CCF05 /* AirtableObject.swift in Sources */,
				E477F9192C63C476007CCF05 /* UIStackView+Spacing.swift in Sources */,
				E477F91F2C63C476007CCF05 /* UIViewController+ComingSoon.swift in Sources */,
				E477F8DA2C63C476007CCF05 /* CardViewStyle.swift in Sources */,
				E477F91D2C63C476007CCF05 /* UIView+Snapshot.swift in Sources */,
				E477F8C62C63C476007CCF05 /* Module+Access.swift in Sources */,
				E477F8E82C63C476007CCF05 /* LongTextInputCell.swift in Sources */,
				E477F8FE2C63C476007CCF05 /* NSObject+DeinitSignal.swift in Sources */,
				E477F9012C63C476007CCF05 /* Bundle+AppInfo.swift in Sources */,
				E477F8C32C63C476007CCF05 /* Result+States.swift in Sources */,
				E477F8DE2C63C476007CCF05 /* Functional.swift in Sources */,
				E477F8C42C63C476007CCF05 /* ObservablePreferences.swift in Sources */,
				E477F9222C63C476007CCF05 /* ViewAboveKeyboardAdjuster.swift in Sources */,
				E477F9092C63C476007CCF05 /* CustomViewButton.swift in Sources */,
				E477F8F22C63C476007CCF05 /* InputFieldDisplaying.swift in Sources */,
				E477F8D32C63C476007CCF05 /* Array+Repeat.swift in Sources */,
				E477F8B82C63C476007CCF05 /* Curves.swift in Sources */,
				E477F8E12C63C476007CCF05 /* ProcessCounter.swift in Sources */,
				E477F8BB2C63C476007CCF05 /* ResponseParser.swift in Sources */,
				E477F8DF2C63C476007CCF05 /* ManagedProperty.swift in Sources */,
				E477F8E42C63C476007CCF05 /* CollectionViewBehavior.swift in Sources */,
				E477F9102C63C476007CCF05 /* UICollectionView+FlowLayout.swift in Sources */,
				E477F8E72C63C476007CCF05 /* BigButtonCell.swift in Sources */,
				E477F8F82C63C476007CCF05 /* InputFormCollectionAdapter.swift in Sources */,
				E477F8D22C63C476007CCF05 /* Array+Pairs.swift in Sources */,
				E477F92E2C63C476007CCF05 /* ScrollingStackView.swift in Sources */,
				E477F8EC2C63C476007CCF05 /* BinaryChoiceField.swift in Sources */,
				E477F9312C63C476007CCF05 /* Reachability.swift in Sources */,
				E477F8E62C63C476007CCF05 /* KeyboardHandlingBehavior.swift in Sources */,
			);
			runOnlyForDeploymentPostprocessing = 0;
		};
/* End PBXSourcesBuildPhase section */

/* Begin PBXVariantGroup section */
		E477F8162C63C445007CCF05 /* LaunchScreen.storyboard */ = {
			isa = PBXVariantGroup;
			children = (
				E477F8172C63C445007CCF05 /* Base */,
			);
			name = LaunchScreen.storyboard;
			sourceTree = "<group>";
		};
/* End PBXVariantGroup section */

/* Begin XCBuildConfiguration section */
		E477F81A2C63C445007CCF05 /* Debug */ = {
			isa = XCBuildConfiguration;
			buildSettings = {
				ALWAYS_SEARCH_USER_PATHS = NO;
				ASSETCATALOG_COMPILER_GENERATE_SWIFT_ASSET_SYMBOL_EXTENSIONS = YES;
				CLANG_ANALYZER_NONNULL = YES;
				CLANG_ANALYZER_NUMBER_OBJECT_CONVERSION = YES_AGGRESSIVE;
				CLANG_CXX_LANGUAGE_STANDARD = "gnu++20";
				CLANG_ENABLE_MODULES = YES;
				CLANG_ENABLE_OBJC_ARC = YES;
				CLANG_ENABLE_OBJC_WEAK = YES;
				CLANG_WARN_BLOCK_CAPTURE_AUTORELEASING = YES;
				CLANG_WARN_BOOL_CONVERSION = YES;
				CLANG_WARN_COMMA = YES;
				CLANG_WARN_CONSTANT_CONVERSION = YES;
				CLANG_WARN_DEPRECATED_OBJC_IMPLEMENTATIONS = YES;
				CLANG_WARN_DIRECT_OBJC_ISA_USAGE = YES_ERROR;
				CLANG_WARN_DOCUMENTATION_COMMENTS = YES;
				CLANG_WARN_EMPTY_BODY = YES;
				CLANG_WARN_ENUM_CONVERSION = YES;
				CLANG_WARN_INFINITE_RECURSION = YES;
				CLANG_WARN_INT_CONVERSION = YES;
				CLANG_WARN_NON_LITERAL_NULL_CONVERSION = YES;
				CLANG_WARN_OBJC_IMPLICIT_RETAIN_SELF = YES;
				CLANG_WARN_OBJC_LITERAL_CONVERSION = YES;
				CLANG_WARN_OBJC_ROOT_CLASS = YES_ERROR;
				CLANG_WARN_QUOTED_INCLUDE_IN_FRAMEWORK_HEADER = YES;
				CLANG_WARN_RANGE_LOOP_ANALYSIS = YES;
				CLANG_WARN_STRICT_PROTOTYPES = YES;
				CLANG_WARN_SUSPICIOUS_MOVE = YES;
				CLANG_WARN_UNGUARDED_AVAILABILITY = YES_AGGRESSIVE;
				CLANG_WARN_UNREACHABLE_CODE = YES;
				CLANG_WARN__DUPLICATE_METHOD_MATCH = YES;
				COPY_PHASE_STRIP = NO;
				DEBUG_INFORMATION_FORMAT = dwarf;
				ENABLE_STRICT_OBJC_MSGSEND = YES;
				ENABLE_TESTABILITY = YES;
				ENABLE_USER_SCRIPT_SANDBOXING = YES;
				GCC_C_LANGUAGE_STANDARD = gnu17;
				GCC_DYNAMIC_NO_PIC = NO;
				GCC_NO_COMMON_BLOCKS = YES;
				GCC_OPTIMIZATION_LEVEL = 0;
				GCC_PREPROCESSOR_DEFINITIONS = (
					"DEBUG=1",
					"$(inherited)",
				);
				GCC_WARN_64_TO_32_BIT_CONVERSION = YES;
				GCC_WARN_ABOUT_RETURN_TYPE = YES_ERROR;
				GCC_WARN_UNDECLARED_SELECTOR = YES;
				GCC_WARN_UNINITIALIZED_AUTOS = YES_AGGRESSIVE;
				GCC_WARN_UNUSED_FUNCTION = YES;
				GCC_WARN_UNUSED_VARIABLE = YES;
				IPHONEOS_DEPLOYMENT_TARGET = 17.5;
				LOCALIZATION_PREFERS_STRING_CATALOGS = YES;
				MTL_ENABLE_DEBUG_INFO = INCLUDE_SOURCE;
				MTL_FAST_MATH = YES;
				ONLY_ACTIVE_ARCH = YES;
				SDKROOT = iphoneos;
				SWIFT_ACTIVE_COMPILATION_CONDITIONS = "DEBUG $(inherited)";
				SWIFT_OPTIMIZATION_LEVEL = "-Onone";
			};
			name = Debug;
		};
		E477F81B2C63C445007CCF05 /* Release */ = {
			isa = XCBuildConfiguration;
			buildSettings = {
				ALWAYS_SEARCH_USER_PATHS = NO;
				ASSETCATALOG_COMPILER_GENERATE_SWIFT_ASSET_SYMBOL_EXTENSIONS = YES;
				CLANG_ANALYZER_NONNULL = YES;
				CLANG_ANALYZER_NUMBER_OBJECT_CONVERSION = YES_AGGRESSIVE;
				CLANG_CXX_LANGUAGE_STANDARD = "gnu++20";
				CLANG_ENABLE_MODULES = YES;
				CLANG_ENABLE_OBJC_ARC = YES;
				CLANG_ENABLE_OBJC_WEAK = YES;
				CLANG_WARN_BLOCK_CAPTURE_AUTORELEASING = YES;
				CLANG_WARN_BOOL_CONVERSION = YES;
				CLANG_WARN_COMMA = YES;
				CLANG_WARN_CONSTANT_CONVERSION = YES;
				CLANG_WARN_DEPRECATED_OBJC_IMPLEMENTATIONS = YES;
				CLANG_WARN_DIRECT_OBJC_ISA_USAGE = YES_ERROR;
				CLANG_WARN_DOCUMENTATION_COMMENTS = YES;
				CLANG_WARN_EMPTY_BODY = YES;
				CLANG_WARN_ENUM_CONVERSION = YES;
				CLANG_WARN_INFINITE_RECURSION = YES;
				CLANG_WARN_INT_CONVERSION = YES;
				CLANG_WARN_NON_LITERAL_NULL_CONVERSION = YES;
				CLANG_WARN_OBJC_IMPLICIT_RETAIN_SELF = YES;
				CLANG_WARN_OBJC_LITERAL_CONVERSION = YES;
				CLANG_WARN_OBJC_ROOT_CLASS = YES_ERROR;
				CLANG_WARN_QUOTED_INCLUDE_IN_FRAMEWORK_HEADER = YES;
				CLANG_WARN_RANGE_LOOP_ANALYSIS = YES;
				CLANG_WARN_STRICT_PROTOTYPES = YES;
				CLANG_WARN_SUSPICIOUS_MOVE = YES;
				CLANG_WARN_UNGUARDED_AVAILABILITY = YES_AGGRESSIVE;
				CLANG_WARN_UNREACHABLE_CODE = YES;
				CLANG_WARN__DUPLICATE_METHOD_MATCH = YES;
				COPY_PHASE_STRIP = NO;
				DEBUG_INFORMATION_FORMAT = "dwarf-with-dsym";
				ENABLE_NS_ASSERTIONS = NO;
				ENABLE_STRICT_OBJC_MSGSEND = YES;
				ENABLE_USER_SCRIPT_SANDBOXING = YES;
				GCC_C_LANGUAGE_STANDARD = gnu17;
				GCC_NO_COMMON_BLOCKS = YES;
				GCC_WARN_64_TO_32_BIT_CONVERSION = YES;
				GCC_WARN_ABOUT_RETURN_TYPE = YES_ERROR;
				GCC_WARN_UNDECLARED_SELECTOR = YES;
				GCC_WARN_UNINITIALIZED_AUTOS = YES_AGGRESSIVE;
				GCC_WARN_UNUSED_FUNCTION = YES;
				GCC_WARN_UNUSED_VARIABLE = YES;
				IPHONEOS_DEPLOYMENT_TARGET = 17.5;
				LOCALIZATION_PREFERS_STRING_CATALOGS = YES;
				MTL_ENABLE_DEBUG_INFO = NO;
				MTL_FAST_MATH = YES;
				SDKROOT = iphoneos;
				SWIFT_COMPILATION_MODE = wholemodule;
				VALIDATE_PRODUCT = YES;
			};
			name = Release;
		};
		E477F81D2C63C445007CCF05 /* Debug */ = {
			isa = XCBuildConfiguration;
			buildSettings = {
				ASSETCATALOG_COMPILER_APPICON_NAME = AppIcon;
				ASSETCATALOG_COMPILER_GLOBAL_ACCENT_COLOR_NAME = AccentColor;
				CODE_SIGN_STYLE = Automatic;
				CURRENT_PROJECT_VERSION = 1;
				DEVELOPMENT_TEAM = 8J6N7NB3R7;
				GENERATE_INFOPLIST_FILE = YES;
				INFOPLIST_FILE = "TZ-Wild Wild/Info.plist";
				INFOPLIST_KEY_UIApplicationSupportsIndirectInputEvents = YES;
				INFOPLIST_KEY_UILaunchStoryboardName = LaunchScreen;
				INFOPLIST_KEY_UIMainStoryboardFile = Main;
				INFOPLIST_KEY_UISupportedInterfaceOrientations_iPad = "UIInterfaceOrientationPortrait UIInterfaceOrientationPortraitUpsideDown UIInterfaceOrientationLandscapeLeft UIInterfaceOrientationLandscapeRight";
				INFOPLIST_KEY_UISupportedInterfaceOrientations_iPhone = "UIInterfaceOrientationPortrait UIInterfaceOrientationLandscapeLeft UIInterfaceOrientationLandscapeRight";
				LD_RUNPATH_SEARCH_PATHS = (
					"$(inherited)",
					"@executable_path/Frameworks",
				);
				MARKETING_VERSION = 1.0;
				PRODUCT_BUNDLE_IDENTIFIER = "tz.TZ-Wild-Wild";
				PRODUCT_NAME = "$(TARGET_NAME)";
				SWIFT_EMIT_LOC_STRINGS = YES;
				SWIFT_VERSION = 5.0;
				TARGETED_DEVICE_FAMILY = "1,2";
			};
			name = Debug;
		};
		E477F81E2C63C445007CCF05 /* Release */ = {
			isa = XCBuildConfiguration;
			buildSettings = {
				ASSETCATALOG_COMPILER_APPICON_NAME = AppIcon;
				ASSETCATALOG_COMPILER_GLOBAL_ACCENT_COLOR_NAME = AccentColor;
				CODE_SIGN_STYLE = Automatic;
				CURRENT_PROJECT_VERSION = 1;
				DEVELOPMENT_TEAM = 8J6N7NB3R7;
				GENERATE_INFOPLIST_FILE = YES;
				INFOPLIST_FILE = "TZ-Wild Wild/Info.plist";
				INFOPLIST_KEY_UIApplicationSupportsIndirectInputEvents = YES;
				INFOPLIST_KEY_UILaunchStoryboardName = LaunchScreen;
				INFOPLIST_KEY_UIMainStoryboardFile = Main;
				INFOPLIST_KEY_UISupportedInterfaceOrientations_iPad = "UIInterfaceOrientationPortrait UIInterfaceOrientationPortraitUpsideDown UIInterfaceOrientationLandscapeLeft UIInterfaceOrientationLandscapeRight";
				INFOPLIST_KEY_UISupportedInterfaceOrientations_iPhone = "UIInterfaceOrientationPortrait UIInterfaceOrientationLandscapeLeft UIInterfaceOrientationLandscapeRight";
				LD_RUNPATH_SEARCH_PATHS = (
					"$(inherited)",
					"@executable_path/Frameworks",
				);
				MARKETING_VERSION = 1.0;
				PRODUCT_BUNDLE_IDENTIFIER = "tz.TZ-Wild-Wild";
				PRODUCT_NAME = "$(TARGET_NAME)";
				SWIFT_EMIT_LOC_STRINGS = YES;
				SWIFT_VERSION = 5.0;
				TARGETED_DEVICE_FAMILY = "1,2";
			};
			name = Release;
		};
/* End XCBuildConfiguration section */

/* Begin XCConfigurationList section */
		E477F8032C63C443007CCF05 /* Build configuration list for PBXProject "TZ-Wild Wild" */ = {
			isa = XCConfigurationList;
			buildConfigurations = (
				E477F81A2C63C445007CCF05 /* Debug */,
				E477F81B2C63C445007CCF05 /* Release */,
			);
			defaultConfigurationIsVisible = 0;
			defaultConfigurationName = Release;
		};
		E477F81C2C63C445007CCF05 /* Build configuration list for PBXNativeTarget "TZ-Wild Wild" */ = {
			isa = XCConfigurationList;
			buildConfigurations = (
				E477F81D2C63C445007CCF05 /* Debug */,
				E477F81E2C63C445007CCF05 /* Release */,
			);
			defaultConfigurationIsVisible = 0;
			defaultConfigurationName = Release;
		};
/* End XCConfigurationList section */
	};
	rootObject = E477F8002C63C443007CCF05 /* Project object */;
}
