// !$*UTF8*$!
{
	archiveVersion = 1;
	classes = {
	};
	objectVersion = 56;
	objects = {

/* Begin PBXBuildFile section */
		E441E9F22C66913300A1D490 /* AboutViewContoller.swift in Sources */ = {isa = PBXBuildFile; fileRef = E441E9F12C66913300A1D490 /* AboutViewContoller.swift */; };
		E441E9F42C66917100A1D490 /* AboutViewContoller.storyboard in Resources */ = {isa = PBXBuildFile; fileRef = E441E9F32C66917100A1D490 /* AboutViewContoller.storyboard */; };
		E441E9F62C66A99600A1D490 /* GameModule.swift in Sources */ = {isa = PBXBuildFile; fileRef = E441E9F52C66A99600A1D490 /* GameModule.swift */; };
		E441E9FF2C6A1EF100A1D490 /* backgroundMusic.mp3 in Resources */ = {isa = PBXBuildFile; fileRef = E441E9FE2C6A1EF100A1D490 /* backgroundMusic.mp3 */; };
		E477168D2C63F52E007CCF05 /* AppDelegate.swift in Sources */ = {isa = PBXBuildFile; fileRef = E477168C2C63F52E007CCF05 /* AppDelegate.swift */; };
		E477168F2C63F52E007CCF05 /* SceneDelegate.swift in Sources */ = {isa = PBXBuildFile; fileRef = E477168E2C63F52E007CCF05 /* SceneDelegate.swift */; };
		E47716912C63F52E007CCF05 /* ViewController.swift in Sources */ = {isa = PBXBuildFile; fileRef = E47716902C63F52E007CCF05 /* ViewController.swift */; };
		E47716942C63F52E007CCF05 /* Base in Resources */ = {isa = PBXBuildFile; fileRef = E47716932C63F52E007CCF05 /* Base */; };
		E47716962C63F530007CCF05 /* Assets.xcassets in Resources */ = {isa = PBXBuildFile; fileRef = E47716952C63F530007CCF05 /* Assets.xcassets */; };
		E47716992C63F530007CCF05 /* Base in Resources */ = {isa = PBXBuildFile; fileRef = E47716982C63F530007CCF05 /* Base */; };
		E47716A62C63FD05007CCF05 /* GameViewController.swift in Sources */ = {isa = PBXBuildFile; fileRef = E47716A52C63FD05007CCF05 /* GameViewController.swift */; };
		E47716A82C63FF93007CCF05 /* GameViewController.storyboard in Resources */ = {isa = PBXBuildFile; fileRef = E47716A72C63FF93007CCF05 /* GameViewController.storyboard */; };
		E47716AD2C640321007CCF05 /* SettingsViewController.swift in Sources */ = {isa = PBXBuildFile; fileRef = E47716AC2C640321007CCF05 /* SettingsViewController.swift */; };
		E47716AF2C640446007CCF05 /* SettingsViewController.storyboard in Resources */ = {isa = PBXBuildFile; fileRef = E47716AE2C640446007CCF05 /* SettingsViewController.storyboard */; };
/* End PBXBuildFile section */

/* Begin PBXFileReference section */
		E441E9F12C66913300A1D490 /* AboutViewContoller.swift */ = {isa = PBXFileReference; lastKnownFileType = sourcecode.swift; path = AboutViewContoller.swift; sourceTree = "<group>"; };
		E441E9F32C66917100A1D490 /* AboutViewContoller.storyboard */ = {isa = PBXFileReference; lastKnownFileType = file.storyboard; path = AboutViewContoller.storyboard; sourceTree = "<group>"; };
		E441E9F52C66A99600A1D490 /* GameModule.swift */ = {isa = PBXFileReference; lastKnownFileType = sourcecode.swift; path = GameModule.swift; sourceTree = "<group>"; };
		E441E9FE2C6A1EF100A1D490 /* backgroundMusic.mp3 */ = {isa = PBXFileReference; lastKnownFileType = audio.mp3; path = backgroundMusic.mp3; sourceTree = "<group>"; };
		E47716892C63F52E007CCF05 /* TZ-Wild Wild.app */ = {isa = PBXFileReference; explicitFileType = wrapper.application; includeInIndex = 0; path = "TZ-Wild Wild.app"; sourceTree = BUILT_PRODUCTS_DIR; };
		E477168C2C63F52E007CCF05 /* AppDelegate.swift */ = {isa = PBXFileReference; lastKnownFileType = sourcecode.swift; path = AppDelegate.swift; sourceTree = "<group>"; };
		E477168E2C63F52E007CCF05 /* SceneDelegate.swift */ = {isa = PBXFileReference; lastKnownFileType = sourcecode.swift; path = SceneDelegate.swift; sourceTree = "<group>"; };
		E47716902C63F52E007CCF05 /* ViewController.swift */ = {isa = PBXFileReference; lastKnownFileType = sourcecode.swift; path = ViewController.swift; sourceTree = "<group>"; };
		E47716932C63F52E007CCF05 /* Base */ = {isa = PBXFileReference; lastKnownFileType = file.storyboard; name = Base; path = Base.lproj/Main.storyboard; sourceTree = "<group>"; };
		E47716952C63F530007CCF05 /* Assets.xcassets */ = {isa = PBXFileReference; lastKnownFileType = folder.assetcatalog; path = Assets.xcassets; sourceTree = "<group>"; };
		E47716982C63F530007CCF05 /* Base */ = {isa = PBXFileReference; lastKnownFileType = file.storyboard; name = Base; path = Base.lproj/LaunchScreen.storyboard; sourceTree = "<group>"; };
		E477169A2C63F530007CCF05 /* Info.plist */ = {isa = PBXFileReference; lastKnownFileType = text.plist.xml; path = Info.plist; sourceTree = "<group>"; };
		E47716A52C63FD05007CCF05 /* GameViewController.swift */ = {isa = PBXFileReference; lastKnownFileType = sourcecode.swift; path = GameViewController.swift; sourceTree = "<group>"; };
		E47716A72C63FF93007CCF05 /* GameViewController.storyboard */ = {isa = PBXFileReference; lastKnownFileType = file.storyboard; path = GameViewController.storyboard; sourceTree = "<group>"; };
		E47716AC2C640321007CCF05 /* SettingsViewController.swift */ = {isa = PBXFileReference; lastKnownFileType = sourcecode.swift; path = SettingsViewController.swift; sourceTree = "<group>"; };
		E47716AE2C640446007CCF05 /* SettingsViewController.storyboard */ = {isa = PBXFileReference; lastKnownFileType = file.storyboard; path = SettingsViewController.storyboard; sourceTree = "<group>"; };
/* End PBXFileReference section */

/* Begin PBXFrameworksBuildPhase section */
		E47716862C63F52E007CCF05 /* Frameworks */ = {
			isa = PBXFrameworksBuildPhase;
			buildActionMask = 2147483647;
			files = (
			);
			runOnlyForDeploymentPostprocessing = 0;
		};
/* End PBXFrameworksBuildPhase section */

/* Begin PBXGroup section */
		E441E9F02C66911E00A1D490 /* About */ = {
			isa = PBXGroup;
			children = (
				E441E9F12C66913300A1D490 /* AboutViewContoller.swift */,
				E441E9F32C66917100A1D490 /* AboutViewContoller.storyboard */,
			);
			path = About;
			sourceTree = "<group>";
		};
		E47716802C63F52E007CCF05 = {
			isa = PBXGroup;
			children = (
				E477168B2C63F52E007CCF05 /* TZ-Wild Wild */,
				E477168A2C63F52E007CCF05 /* Products */,
			);
			sourceTree = "<group>";
		};
		E477168A2C63F52E007CCF05 /* Products */ = {
			isa = PBXGroup;
			children = (
				E47716892C63F52E007CCF05 /* TZ-Wild Wild.app */,
			);
			name = Products;
			sourceTree = "<group>";
		};
		E477168B2C63F52E007CCF05 /* TZ-Wild Wild */ = {
			isa = PBXGroup;
			children = (
				E477168C2C63F52E007CCF05 /* AppDelegate.swift */,
				E477168E2C63F52E007CCF05 /* SceneDelegate.swift */,
				E441E9F02C66911E00A1D490 /* About */,
				E47716AA2C63FFBD007CCF05 /* Main */,
				E47716A92C63FFAC007CCF05 /* Game */,
				E47716AB2C640303007CCF05 /* Settings */,
				E47716952C63F530007CCF05 /* Assets.xcassets */,
				E47716972C63F530007CCF05 /* LaunchScreen.storyboard */,
				E477169A2C63F530007CCF05 /* Info.plist */,
				E441E9FE2C6A1EF100A1D490 /* backgroundMusic.mp3 */,
			);
			path = "TZ-Wild Wild";
			sourceTree = "<group>";
		};
		E47716A92C63FFAC007CCF05 /* Game */ = {
			isa = PBXGroup;
			children = (
				E47716A52C63FD05007CCF05 /* GameViewController.swift */,
				E47716A72C63FF93007CCF05 /* GameViewController.storyboard */,
				E441E9F52C66A99600A1D490 /* GameModule.swift */,
			);
			path = Game;
			sourceTree = "<group>";
		};
		E47716AA2C63FFBD007CCF05 /* Main */ = {
			isa = PBXGroup;
			children = (
				E47716902C63F52E007CCF05 /* ViewController.swift */,
				E47716922C63F52E007CCF05 /* Main.storyboard */,
			);
			path = Main;
			sourceTree = "<group>";
		};
		E47716AB2C640303007CCF05 /* Settings */ = {
			isa = PBXGroup;
			children = (
				E47716AC2C640321007CCF05 /* SettingsViewController.swift */,
				E47716AE2C640446007CCF05 /* SettingsViewController.storyboard */,
			);
			path = Settings;
			sourceTree = "<group>";
		};
/* End PBXGroup section */

/* Begin PBXNativeTarget section */
		E47716882C63F52E007CCF05 /* TZ-Wild Wild */ = {
			isa = PBXNativeTarget;
			buildConfigurationList = E477169D2C63F530007CCF05 /* Build configuration list for PBXNativeTarget "TZ-Wild Wild" */;
			buildPhases = (
				E47716852C63F52E007CCF05 /* Sources */,
				E47716862C63F52E007CCF05 /* Frameworks */,
				E47716872C63F52E007CCF05 /* Resources */,
			);
			buildRules = (
			);
			dependencies = (
			);
			name = "TZ-Wild Wild";
			productName = "TZ-Wild Wild";
			productReference = E47716892C63F52E007CCF05 /* TZ-Wild Wild.app */;
			productType = "com.apple.product-type.application";
		};
/* End PBXNativeTarget section */

/* Begin PBXProject section */
		E47716812C63F52E007CCF05 /* Project object */ = {
			isa = PBXProject;
			attributes = {
				BuildIndependentTargetsInParallel = 1;
				LastSwiftUpdateCheck = 1540;
				LastUpgradeCheck = 1540;
				TargetAttributes = {
					E47716882C63F52E007CCF05 = {
						CreatedOnToolsVersion = 15.4;
					};
				};
			};
			buildConfigurationList = E47716842C63F52E007CCF05 /* Build configuration list for PBXProject "TZ-Wild Wild" */;
			compatibilityVersion = "Xcode 14.0";
			developmentRegion = en;
			hasScannedForEncodings = 0;
			knownRegions = (
				en,
				Base,
			);
			mainGroup = E47716802C63F52E007CCF05;
			productRefGroup = E477168A2C63F52E007CCF05 /* Products */;
			projectDirPath = "";
			projectRoot = "";
			targets = (
				E47716882C63F52E007CCF05 /* TZ-Wild Wild */,
			);
		};
/* End PBXProject section */

/* Begin PBXResourcesBuildPhase section */
		E47716872C63F52E007CCF05 /* Resources */ = {
			isa = PBXResourcesBuildPhase;
			buildActionMask = 2147483647;
			files = (
				E47716962C63F530007CCF05 /* Assets.xcassets in Resources */,
				E47716A82C63FF93007CCF05 /* GameViewController.storyboard in Resources */,
				E441E9FF2C6A1EF100A1D490 /* backgroundMusic.mp3 in Resources */,
				E47716AF2C640446007CCF05 /* SettingsViewController.storyboard in Resources */,
				E47716992C63F530007CCF05 /* Base in Resources */,
				E47716942C63F52E007CCF05 /* Base in Resources */,
				E441E9F42C66917100A1D490 /* AboutViewContoller.storyboard in Resources */,
			);
			runOnlyForDeploymentPostprocessing = 0;
		};
/* End PBXResourcesBuildPhase section */

/* Begin PBXSourcesBuildPhase section */
		E47716852C63F52E007CCF05 /* Sources */ = {
			isa = PBXSourcesBuildPhase;
			buildActionMask = 2147483647;
			files = (
				E47716A62C63FD05007CCF05 /* GameViewController.swift in Sources */,
				E47716912C63F52E007CCF05 /* ViewController.swift in Sources */,
				E477168D2C63F52E007CCF05 /* AppDelegate.swift in Sources */,
				E47716AD2C640321007CCF05 /* SettingsViewController.swift in Sources */,
				E477168F2C63F52E007CCF05 /* SceneDelegate.swift in Sources */,
				E441E9F62C66A99600A1D490 /* GameModule.swift in Sources */,
				E441E9F22C66913300A1D490 /* AboutViewContoller.swift in Sources */,
			);
			runOnlyForDeploymentPostprocessing = 0;
		};
/* End PBXSourcesBuildPhase section */

/* Begin PBXVariantGroup section */
		E47716922C63F52E007CCF05 /* Main.storyboard */ = {
			isa = PBXVariantGroup;
			children = (
				E47716932C63F52E007CCF05 /* Base */,
			);
			name = Main.storyboard;
			sourceTree = "<group>";
		};
		E47716972C63F530007CCF05 /* LaunchScreen.storyboard */ = {
			isa = PBXVariantGroup;
			children = (
				E47716982C63F530007CCF05 /* Base */,
			);
			name = LaunchScreen.storyboard;
			sourceTree = "<group>";
		};
/* End PBXVariantGroup section */

/* Begin XCBuildConfiguration section */
		E477169B2C63F530007CCF05 /* Debug */ = {
			isa = XCBuildConfiguration;
			buildSettings = {
				ALWAYS_SEARCH_USER_PATHS = NO;
				ASSETCATALOG_COMPILER_GENERATE_SWIFT_ASSET_SYMBOL_EXTENSIONS = YES;
				CLANG_ANALYZER_NONNULL = YES;
				CLANG_ANALYZER_NUMBER_OBJECT_CONVERSION = YES_AGGRESSIVE;
				CLANG_CXX_LANGUAGE_STANDARD = "gnu++20";
				CLANG_ENABLE_MODULES = YES;
				CLANG_ENABLE_OBJC_ARC = YES;
				CLANG_ENABLE_OBJC_WEAK = YES;
				CLANG_WARN_BLOCK_CAPTURE_AUTORELEASING = YES;
				CLANG_WARN_BOOL_CONVERSION = YES;
				CLANG_WARN_COMMA = YES;
				CLANG_WARN_CONSTANT_CONVERSION = YES;
				CLANG_WARN_DEPRECATED_OBJC_IMPLEMENTATIONS = YES;
				CLANG_WARN_DIRECT_OBJC_ISA_USAGE = YES_ERROR;
				CLANG_WARN_DOCUMENTATION_COMMENTS = YES;
				CLANG_WARN_EMPTY_BODY = YES;
				CLANG_WARN_ENUM_CONVERSION = YES;
				CLANG_WARN_INFINITE_RECURSION = YES;
				CLANG_WARN_INT_CONVERSION = YES;
				CLANG_WARN_NON_LITERAL_NULL_CONVERSION = YES;
				CLANG_WARN_OBJC_IMPLICIT_RETAIN_SELF = YES;
				CLANG_WARN_OBJC_LITERAL_CONVERSION = YES;
				CLANG_WARN_OBJC_ROOT_CLASS = YES_ERROR;
				CLANG_WARN_QUOTED_INCLUDE_IN_FRAMEWORK_HEADER = YES;
				CLANG_WARN_RANGE_LOOP_ANALYSIS = YES;
				CLANG_WARN_STRICT_PROTOTYPES = YES;
				CLANG_WARN_SUSPICIOUS_MOVE = YES;
				CLANG_WARN_UNGUARDED_AVAILABILITY = YES_AGGRESSIVE;
				CLANG_WARN_UNREACHABLE_CODE = YES;
				CLANG_WARN__DUPLICATE_METHOD_MATCH = YES;
				COPY_PHASE_STRIP = NO;
				DEBUG_INFORMATION_FORMAT = dwarf;
				ENABLE_STRICT_OBJC_MSGSEND = YES;
				ENABLE_TESTABILITY = YES;
				ENABLE_USER_SCRIPT_SANDBOXING = YES;
				GCC_C_LANGUAGE_STANDARD = gnu17;
				GCC_DYNAMIC_NO_PIC = NO;
				GCC_NO_COMMON_BLOCKS = YES;
				GCC_OPTIMIZATION_LEVEL = 0;
				GCC_PREPROCESSOR_DEFINITIONS = (
					"DEBUG=1",
					"$(inherited)",
				);
				GCC_WARN_64_TO_32_BIT_CONVERSION = YES;
				GCC_WARN_ABOUT_RETURN_TYPE = YES_ERROR;
				GCC_WARN_UNDECLARED_SELECTOR = YES;
				GCC_WARN_UNINITIALIZED_AUTOS = YES_AGGRESSIVE;
				GCC_WARN_UNUSED_FUNCTION = YES;
				GCC_WARN_UNUSED_VARIABLE = YES;
				IPHONEOS_DEPLOYMENT_TARGET = 17.5;
				LOCALIZATION_PREFERS_STRING_CATALOGS = YES;
				MTL_ENABLE_DEBUG_INFO = INCLUDE_SOURCE;
				MTL_FAST_MATH = YES;
				ONLY_ACTIVE_ARCH = YES;
				SDKROOT = iphoneos;
				SWIFT_ACTIVE_COMPILATION_CONDITIONS = "DEBUG $(inherited)";
				SWIFT_OPTIMIZATION_LEVEL = "-Onone";
			};
			name = Debug;
		};
		E477169C2C63F530007CCF05 /* Release */ = {
			isa = XCBuildConfiguration;
			buildSettings = {
				ALWAYS_SEARCH_USER_PATHS = NO;
				ASSETCATALOG_COMPILER_GENERATE_SWIFT_ASSET_SYMBOL_EXTENSIONS = YES;
				CLANG_ANALYZER_NONNULL = YES;
				CLANG_ANALYZER_NUMBER_OBJECT_CONVERSION = YES_AGGRESSIVE;
				CLANG_CXX_LANGUAGE_STANDARD = "gnu++20";
				CLANG_ENABLE_MODULES = YES;
				CLANG_ENABLE_OBJC_ARC = YES;
				CLANG_ENABLE_OBJC_WEAK = YES;
				CLANG_WARN_BLOCK_CAPTURE_AUTORELEASING = YES;
				CLANG_WARN_BOOL_CONVERSION = YES;
				CLANG_WARN_COMMA = YES;
				CLANG_WARN_CONSTANT_CONVERSION = YES;
				CLANG_WARN_DEPRECATED_OBJC_IMPLEMENTATIONS = YES;
				CLANG_WARN_DIRECT_OBJC_ISA_USAGE = YES_ERROR;
				CLANG_WARN_DOCUMENTATION_COMMENTS = YES;
				CLANG_WARN_EMPTY_BODY = YES;
				CLANG_WARN_ENUM_CONVERSION = YES;
				CLANG_WARN_INFINITE_RECURSION = YES;
				CLANG_WARN_INT_CONVERSION = YES;
				CLANG_WARN_NON_LITERAL_NULL_CONVERSION = YES;
				CLANG_WARN_OBJC_IMPLICIT_RETAIN_SELF = YES;
				CLANG_WARN_OBJC_LITERAL_CONVERSION = YES;
				CLANG_WARN_OBJC_ROOT_CLASS = YES_ERROR;
				CLANG_WARN_QUOTED_INCLUDE_IN_FRAMEWORK_HEADER = YES;
				CLANG_WARN_RANGE_LOOP_ANALYSIS = YES;
				CLANG_WARN_STRICT_PROTOTYPES = YES;
				CLANG_WARN_SUSPICIOUS_MOVE = YES;
				CLANG_WARN_UNGUARDED_AVAILABILITY = YES_AGGRESSIVE;
				CLANG_WARN_UNREACHABLE_CODE = YES;
				CLANG_WARN__DUPLICATE_METHOD_MATCH = YES;
				COPY_PHASE_STRIP = NO;
				DEBUG_INFORMATION_FORMAT = "dwarf-with-dsym";
				ENABLE_NS_ASSERTIONS = NO;
				ENABLE_STRICT_OBJC_MSGSEND = YES;
				ENABLE_USER_SCRIPT_SANDBOXING = YES;
				GCC_C_LANGUAGE_STANDARD = gnu17;
				GCC_NO_COMMON_BLOCKS = YES;
				GCC_WARN_64_TO_32_BIT_CONVERSION = YES;
				GCC_WARN_ABOUT_RETURN_TYPE = YES_ERROR;
				GCC_WARN_UNDECLARED_SELECTOR = YES;
				GCC_WARN_UNINITIALIZED_AUTOS = YES_AGGRESSIVE;
				GCC_WARN_UNUSED_FUNCTION = YES;
				GCC_WARN_UNUSED_VARIABLE = YES;
				IPHONEOS_DEPLOYMENT_TARGET = 17.5;
				LOCALIZATION_PREFERS_STRING_CATALOGS = YES;
				MTL_ENABLE_DEBUG_INFO = NO;
				MTL_FAST_MATH = YES;
				SDKROOT = iphoneos;
				SWIFT_COMPILATION_MODE = wholemodule;
				VALIDATE_PRODUCT = YES;
			};
			name = Release;
		};
		E477169E2C63F530007CCF05 /* Debug */ = {
			isa = XCBuildConfiguration;
			buildSettings = {
				ASSETCATALOG_COMPILER_APPICON_NAME = AppIcon;
				ASSETCATALOG_COMPILER_GLOBAL_ACCENT_COLOR_NAME = AccentColor;
				CODE_SIGN_STYLE = Automatic;
				CURRENT_PROJECT_VERSION = 1;
				DEVELOPMENT_TEAM = 8J6N7NB3R7;
				GENERATE_INFOPLIST_FILE = YES;
				INFOPLIST_FILE = "TZ-Wild Wild/Info.plist";
				INFOPLIST_KEY_UIApplicationSupportsIndirectInputEvents = YES;
				INFOPLIST_KEY_UILaunchStoryboardName = LaunchScreen;
				INFOPLIST_KEY_UIMainStoryboardFile = Main;
				INFOPLIST_KEY_UISupportedInterfaceOrientations_iPad = "UIInterfaceOrientationPortrait UIInterfaceOrientationPortraitUpsideDown UIInterfaceOrientationLandscapeLeft UIInterfaceOrientationLandscapeRight";
				INFOPLIST_KEY_UISupportedInterfaceOrientations_iPhone = "UIInterfaceOrientationPortrait UIInterfaceOrientationLandscapeLeft UIInterfaceOrientationLandscapeRight";
				LD_RUNPATH_SEARCH_PATHS = (
					"$(inherited)",
					"@executable_path/Frameworks",
				);
				MARKETING_VERSION = 1.0;
				PRODUCT_BUNDLE_IDENTIFIER = "tz.TZ-Wild-Wild";
				PRODUCT_NAME = "$(TARGET_NAME)";
				SWIFT_EMIT_LOC_STRINGS = YES;
				SWIFT_VERSION = 5.0;
				TARGETED_DEVICE_FAMILY = "1,2";
			};
			name = Debug;
		};
		E477169F2C63F530007CCF05 /* Release */ = {
			isa = XCBuildConfiguration;
			buildSettings = {
				ASSETCATALOG_COMPILER_APPICON_NAME = AppIcon;
				ASSETCATALOG_COMPILER_GLOBAL_ACCENT_COLOR_NAME = AccentColor;
				CODE_SIGN_STYLE = Automatic;
				CURRENT_PROJECT_VERSION = 1;
				DEVELOPMENT_TEAM = 8J6N7NB3R7;
				GENERATE_INFOPLIST_FILE = YES;
				INFOPLIST_FILE = "TZ-Wild Wild/Info.plist";
				INFOPLIST_KEY_UIApplicationSupportsIndirectInputEvents = YES;
				INFOPLIST_KEY_UILaunchStoryboardName = LaunchScreen;
				INFOPLIST_KEY_UIMainStoryboardFile = Main;
				INFOPLIST_KEY_UISupportedInterfaceOrientations_iPad = "UIInterfaceOrientationPortrait UIInterfaceOrientationPortraitUpsideDown UIInterfaceOrientationLandscapeLeft UIInterfaceOrientationLandscapeRight";
				INFOPLIST_KEY_UISupportedInterfaceOrientations_iPhone = "UIInterfaceOrientationPortrait UIInterfaceOrientationLandscapeLeft UIInterfaceOrientationLandscapeRight";
				LD_RUNPATH_SEARCH_PATHS = (
					"$(inherited)",
					"@executable_path/Frameworks",
				);
				MARKETING_VERSION = 1.0;
				PRODUCT_BUNDLE_IDENTIFIER = "tz.TZ-Wild-Wild";
				PRODUCT_NAME = "$(TARGET_NAME)";
				SWIFT_EMIT_LOC_STRINGS = YES;
				SWIFT_VERSION = 5.0;
				TARGETED_DEVICE_FAMILY = "1,2";
			};
			name = Release;
		};
/* End XCBuildConfiguration section */

/* Begin XCConfigurationList section */
		E47716842C63F52E007CCF05 /* Build configuration list for PBXProject "TZ-Wild Wild" */ = {
			isa = XCConfigurationList;
			buildConfigurations = (
				E477169B2C63F530007CCF05 /* Debug */,
				E477169C2C63F530007CCF05 /* Release */,
			);
			defaultConfigurationIsVisible = 0;
			defaultConfigurationName = Release;
		};
		E477169D2C63F530007CCF05 /* Build configuration list for PBXNativeTarget "TZ-Wild Wild" */ = {
			isa = XCConfigurationList;
			buildConfigurations = (
				E477169E2C63F530007CCF05 /* Debug */,
				E477169F2C63F530007CCF05 /* Release */,
			);
			defaultConfigurationIsVisible = 0;
			defaultConfigurationName = Release;
		};
/* End XCConfigurationList section */
	};
	rootObject = E47716812C63F52E007CCF05 /* Project object */;
}
